// !$*UTF8*$!
{
	archiveVersion = 1;
	classes = {
	};
	objectVersion = 56;
	objects = {

/* Begin PBXBuildFile section */
		1AAC51062C08D51700FD70C3 /* FingerButtonView.swift in Sources */ = {isa = PBXBuildFile; fileRef = 1AAC51052C08D51700FD70C3 /* FingerButtonView.swift */; };
		1AAC51132C08D78100FD70C3 /* HypnagoWidgetBundle.swift in Sources */ = {isa = PBXBuildFile; fileRef = 1AAC51122C08D78100FD70C3 /* HypnagoWidgetBundle.swift */; };
		1AAC51152C08D78100FD70C3 /* HypnagoWidgetLiveActivity.swift in Sources */ = {isa = PBXBuildFile; fileRef = 1AAC51142C08D78100FD70C3 /* HypnagoWidgetLiveActivity.swift */; };
		1AAC51172C08D78100FD70C3 /* HypnagoWidget.swift in Sources */ = {isa = PBXBuildFile; fileRef = 1AAC51162C08D78100FD70C3 /* HypnagoWidget.swift */; };
		1AAC51192C08D78100FD70C3 /* AppIntent.swift in Sources */ = {isa = PBXBuildFile; fileRef = 1AAC51182C08D78100FD70C3 /* AppIntent.swift */; };
		1AAC511B2C08D78200FD70C3 /* Assets.xcassets in Resources */ = {isa = PBXBuildFile; fileRef = 1AAC511A2C08D78200FD70C3 /* Assets.xcassets */; };
		1AAC511F2C08D78200FD70C3 /* HypnagoWidgetExtension.appex in Embed Foundation Extensions */ = {isa = PBXBuildFile; fileRef = 1AAC510B2C08D78100FD70C3 /* HypnagoWidgetExtension.appex */; settings = {ATTRIBUTES = (RemoveHeadersOnCopy, ); }; };
		643C881D2C0F52210009A8E4 /* SwiftUI.framework in Frameworks */ = {isa = PBXBuildFile; fileRef = 1AAC510F2C08D78100FD70C3 /* SwiftUI.framework */; };
		643C881E2C0F52210009A8E4 /* SwiftUI.framework in Embed Frameworks */ = {isa = PBXBuildFile; fileRef = 1AAC510F2C08D78100FD70C3 /* SwiftUI.framework */; settings = {ATTRIBUTES = (RemoveHeadersOnCopy, ); }; };
		643C88202C0F52220009A8E4 /* WidgetKit.framework in Frameworks */ = {isa = PBXBuildFile; fileRef = 1AAC510D2C08D78100FD70C3 /* WidgetKit.framework */; };
		643C88212C0F52220009A8E4 /* WidgetKit.framework in Embed Frameworks */ = {isa = PBXBuildFile; fileRef = 1AAC510D2C08D78100FD70C3 /* WidgetKit.framework */; settings = {ATTRIBUTES = (RemoveHeadersOnCopy, ); }; };
		64D75C8A2BFF9BD100829A85 /* AudioManager.swift in Sources */ = {isa = PBXBuildFile; fileRef = 64D75C892BFF9BD100829A85 /* AudioManager.swift */; };
		D81A683F2BF3997700A0ADA4 /* FourFingerTouchApp.swift in Sources */ = {isa = PBXBuildFile; fileRef = D81A683E2BF3997700A0ADA4 /* FourFingerTouchApp.swift */; };
		D81A68432BF3997800A0ADA4 /* Assets.xcassets in Resources */ = {isa = PBXBuildFile; fileRef = D81A68422BF3997800A0ADA4 /* Assets.xcassets */; };
		D81A68462BF3997800A0ADA4 /* Preview Assets.xcassets in Resources */ = {isa = PBXBuildFile; fileRef = D81A68452BF3997800A0ADA4 /* Preview Assets.xcassets */; };
		D81A684D2BF399B300A0ADA4 /* MultiTouchView.swift in Sources */ = {isa = PBXBuildFile; fileRef = D81A684C2BF399B300A0ADA4 /* MultiTouchView.swift */; };
		D81A68782C060BD100A0ADA4 /* Sherbert.swift in Sources */ = {isa = PBXBuildFile; fileRef = D81A68772C060BD100A0ADA4 /* Sherbert.swift */; };
		D8CA276A2C1090AE001BD492 /* OnboardingView.swift in Sources */ = {isa = PBXBuildFile; fileRef = D8CA27692C1090AE001BD492 /* OnboardingView.swift */; };
		D8CA276C2C1090B7001BD492 /* OnboardingPagesView.swift in Sources */ = {isa = PBXBuildFile; fileRef = D8CA276B2C1090B6001BD492 /* OnboardingPagesView.swift */; };
		D8CA276E2C1090C8001BD492 /* GradientView.swift in Sources */ = {isa = PBXBuildFile; fileRef = D8CA276D2C1090C8001BD492 /* GradientView.swift */; };
		D8F8E0612C075B6400FD8EBE /* Hypnago2FingerView.swift in Sources */ = {isa = PBXBuildFile; fileRef = D8F8E0602C075B6400FD8EBE /* Hypnago2FingerView.swift */; };
		D8F8E0632C075C8200FD8EBE /* Hypnago1FingerView.swift in Sources */ = {isa = PBXBuildFile; fileRef = D8F8E0622C075C8200FD8EBE /* Hypnago1FingerView.swift */; };
		D8F8E0652C07776B00FD8EBE /* Journal.swift in Sources */ = {isa = PBXBuildFile; fileRef = D8F8E0642C07776B00FD8EBE /* Journal.swift */; };
		D8F8E06A2C08B12300FD8EBE /* AppManager.swift in Sources */ = {isa = PBXBuildFile; fileRef = D8F8E0692C08B12300FD8EBE /* AppManager.swift */; };
		D8F8E06C2C08B13500FD8EBE /* AppState.swift in Sources */ = {isa = PBXBuildFile; fileRef = D8F8E06B2C08B13500FD8EBE /* AppState.swift */; };
		D8F8E06E2C08B14200FD8EBE /* Entry.swift in Sources */ = {isa = PBXBuildFile; fileRef = D8F8E06D2C08B14200FD8EBE /* Entry.swift */; };
		D8F8E0702C08B14E00FD8EBE /* JournalModel.swift in Sources */ = {isa = PBXBuildFile; fileRef = D8F8E06F2C08B14E00FD8EBE /* JournalModel.swift */; };
		D8F8E0722C08B16200FD8EBE /* BeginHypnagoView.swift in Sources */ = {isa = PBXBuildFile; fileRef = D8F8E0712C08B16100FD8EBE /* BeginHypnagoView.swift */; };
		D8F8E0742C08B16F00FD8EBE /* ViewNavigator.swift in Sources */ = {isa = PBXBuildFile; fileRef = D8F8E0732C08B16F00FD8EBE /* ViewNavigator.swift */; };
		D8F8E0762C08B17B00FD8EBE /* JournalView.swift in Sources */ = {isa = PBXBuildFile; fileRef = D8F8E0752C08B17A00FD8EBE /* JournalView.swift */; };
		D8F8E0782C08B18B00FD8EBE /* CreateEntryView.swift in Sources */ = {isa = PBXBuildFile; fileRef = D8F8E0772C08B18A00FD8EBE /* CreateEntryView.swift */; };
		D8F8E07A2C08B19500FD8EBE /* Hypango4FingerView.swift in Sources */ = {isa = PBXBuildFile; fileRef = D8F8E0792C08B19500FD8EBE /* Hypango4FingerView.swift */; };
/* End PBXBuildFile section */

/* Begin PBXContainerItemProxy section */
		1AAC511D2C08D78200FD70C3 /* PBXContainerItemProxy */ = {
			isa = PBXContainerItemProxy;
			containerPortal = D81A68332BF3997700A0ADA4 /* Project object */;
			proxyType = 1;
			remoteGlobalIDString = 1AAC510A2C08D78100FD70C3;
			remoteInfo = HypnagoWidgetExtension;
		};
/* End PBXContainerItemProxy section */

/* Begin PBXCopyFilesBuildPhase section */
		1AAC51232C08D78200FD70C3 /* Embed Foundation Extensions */ = {
			isa = PBXCopyFilesBuildPhase;
			buildActionMask = 2147483647;
			dstPath = "";
			dstSubfolderSpec = 13;
			files = (
				1AAC511F2C08D78200FD70C3 /* HypnagoWidgetExtension.appex in Embed Foundation Extensions */,
			);
			name = "Embed Foundation Extensions";
			runOnlyForDeploymentPostprocessing = 0;
		};
		643C881F2C0F52210009A8E4 /* Embed Frameworks */ = {
			isa = PBXCopyFilesBuildPhase;
			buildActionMask = 2147483647;
			dstPath = "";
			dstSubfolderSpec = 10;
			files = (
				643C881E2C0F52210009A8E4 /* SwiftUI.framework in Embed Frameworks */,
				643C88212C0F52220009A8E4 /* WidgetKit.framework in Embed Frameworks */,
			);
			name = "Embed Frameworks";
			runOnlyForDeploymentPostprocessing = 0;
		};
/* End PBXCopyFilesBuildPhase section */

/* Begin PBXFileReference section */
		1AAC51052C08D51700FD70C3 /* FingerButtonView.swift */ = {isa = PBXFileReference; lastKnownFileType = sourcecode.swift; path = FingerButtonView.swift; sourceTree = "<group>"; };
		1AAC510B2C08D78100FD70C3 /* HypnagoWidgetExtension.appex */ = {isa = PBXFileReference; explicitFileType = "wrapper.app-extension"; includeInIndex = 0; path = HypnagoWidgetExtension.appex; sourceTree = BUILT_PRODUCTS_DIR; };
		1AAC510D2C08D78100FD70C3 /* WidgetKit.framework */ = {isa = PBXFileReference; lastKnownFileType = wrapper.framework; name = WidgetKit.framework; path = System/Library/Frameworks/WidgetKit.framework; sourceTree = SDKROOT; };
		1AAC510F2C08D78100FD70C3 /* SwiftUI.framework */ = {isa = PBXFileReference; lastKnownFileType = wrapper.framework; name = SwiftUI.framework; path = System/Library/Frameworks/SwiftUI.framework; sourceTree = SDKROOT; };
		1AAC51122C08D78100FD70C3 /* HypnagoWidgetBundle.swift */ = {isa = PBXFileReference; lastKnownFileType = sourcecode.swift; path = HypnagoWidgetBundle.swift; sourceTree = "<group>"; };
		1AAC51142C08D78100FD70C3 /* HypnagoWidgetLiveActivity.swift */ = {isa = PBXFileReference; lastKnownFileType = sourcecode.swift; path = HypnagoWidgetLiveActivity.swift; sourceTree = "<group>"; };
		1AAC51162C08D78100FD70C3 /* HypnagoWidget.swift */ = {isa = PBXFileReference; lastKnownFileType = sourcecode.swift; path = HypnagoWidget.swift; sourceTree = "<group>"; };
		1AAC51182C08D78100FD70C3 /* AppIntent.swift */ = {isa = PBXFileReference; lastKnownFileType = sourcecode.swift; path = AppIntent.swift; sourceTree = "<group>"; };
		1AAC511A2C08D78200FD70C3 /* Assets.xcassets */ = {isa = PBXFileReference; lastKnownFileType = folder.assetcatalog; path = Assets.xcassets; sourceTree = "<group>"; };
		1AAC511C2C08D78200FD70C3 /* Info.plist */ = {isa = PBXFileReference; lastKnownFileType = text.plist.xml; path = Info.plist; sourceTree = "<group>"; };
		64D75C892BFF9BD100829A85 /* AudioManager.swift */ = {isa = PBXFileReference; lastKnownFileType = sourcecode.swift; path = AudioManager.swift; sourceTree = "<group>"; };
		D81A683B2BF3997700A0ADA4 /* Hypnago.app */ = {isa = PBXFileReference; explicitFileType = wrapper.application; includeInIndex = 0; path = Hypnago.app; sourceTree = BUILT_PRODUCTS_DIR; };
		D81A683E2BF3997700A0ADA4 /* FourFingerTouchApp.swift */ = {isa = PBXFileReference; lastKnownFileType = sourcecode.swift; path = FourFingerTouchApp.swift; sourceTree = "<group>"; };
		D81A68422BF3997800A0ADA4 /* Assets.xcassets */ = {isa = PBXFileReference; lastKnownFileType = folder.assetcatalog; path = Assets.xcassets; sourceTree = "<group>"; };
		D81A68452BF3997800A0ADA4 /* Preview Assets.xcassets */ = {isa = PBXFileReference; lastKnownFileType = folder.assetcatalog; path = "Preview Assets.xcassets"; sourceTree = "<group>"; };
		D81A684C2BF399B300A0ADA4 /* MultiTouchView.swift */ = {isa = PBXFileReference; lastKnownFileType = sourcecode.swift; path = MultiTouchView.swift; sourceTree = "<group>"; };
		D81A68772C060BD100A0ADA4 /* Sherbert.swift */ = {isa = PBXFileReference; lastKnownFileType = sourcecode.swift; path = Sherbert.swift; sourceTree = "<group>"; };
		D8CA27692C1090AE001BD492 /* OnboardingView.swift */ = {isa = PBXFileReference; fileEncoding = 4; lastKnownFileType = sourcecode.swift; name = OnboardingView.swift; path = Views/OnboardingView.swift; sourceTree = "<group>"; };
		D8CA276B2C1090B6001BD492 /* OnboardingPagesView.swift */ = {isa = PBXFileReference; fileEncoding = 4; lastKnownFileType = sourcecode.swift; name = OnboardingPagesView.swift; path = Views/OnboardingPagesView.swift; sourceTree = "<group>"; };
		D8CA276D2C1090C8001BD492 /* GradientView.swift */ = {isa = PBXFileReference; fileEncoding = 4; lastKnownFileType = sourcecode.swift; name = GradientView.swift; path = Views/GradientView.swift; sourceTree = "<group>"; };
		D8F8E0602C075B6400FD8EBE /* Hypnago2FingerView.swift */ = {isa = PBXFileReference; lastKnownFileType = sourcecode.swift; path = Hypnago2FingerView.swift; sourceTree = "<group>"; };
		D8F8E0622C075C8200FD8EBE /* Hypnago1FingerView.swift */ = {isa = PBXFileReference; lastKnownFileType = sourcecode.swift; path = Hypnago1FingerView.swift; sourceTree = "<group>"; };
		D8F8E0642C07776B00FD8EBE /* Journal.swift */ = {isa = PBXFileReference; lastKnownFileType = sourcecode.swift; path = Journal.swift; sourceTree = "<group>"; };
		D8F8E0692C08B12300FD8EBE /* AppManager.swift */ = {isa = PBXFileReference; fileEncoding = 4; lastKnownFileType = sourcecode.swift; path = AppManager.swift; sourceTree = "<group>"; };
		D8F8E06B2C08B13500FD8EBE /* AppState.swift */ = {isa = PBXFileReference; fileEncoding = 4; lastKnownFileType = sourcecode.swift; path = AppState.swift; sourceTree = "<group>"; };
		D8F8E06D2C08B14200FD8EBE /* Entry.swift */ = {isa = PBXFileReference; fileEncoding = 4; lastKnownFileType = sourcecode.swift; path = Entry.swift; sourceTree = "<group>"; };
		D8F8E06F2C08B14E00FD8EBE /* JournalModel.swift */ = {isa = PBXFileReference; fileEncoding = 4; lastKnownFileType = sourcecode.swift; path = JournalModel.swift; sourceTree = "<group>"; };
		D8F8E0712C08B16100FD8EBE /* BeginHypnagoView.swift */ = {isa = PBXFileReference; fileEncoding = 4; lastKnownFileType = sourcecode.swift; path = BeginHypnagoView.swift; sourceTree = "<group>"; };
		D8F8E0732C08B16F00FD8EBE /* ViewNavigator.swift */ = {isa = PBXFileReference; fileEncoding = 4; lastKnownFileType = sourcecode.swift; path = ViewNavigator.swift; sourceTree = "<group>"; };
		D8F8E0752C08B17A00FD8EBE /* JournalView.swift */ = {isa = PBXFileReference; fileEncoding = 4; lastKnownFileType = sourcecode.swift; path = JournalView.swift; sourceTree = "<group>"; };
		D8F8E0772C08B18A00FD8EBE /* CreateEntryView.swift */ = {isa = PBXFileReference; fileEncoding = 4; lastKnownFileType = sourcecode.swift; path = CreateEntryView.swift; sourceTree = "<group>"; };
		D8F8E0792C08B19500FD8EBE /* Hypango4FingerView.swift */ = {isa = PBXFileReference; fileEncoding = 4; lastKnownFileType = sourcecode.swift; path = Hypango4FingerView.swift; sourceTree = "<group>"; };
/* End PBXFileReference section */

/* Begin PBXFrameworksBuildPhase section */
		1AAC51082C08D78100FD70C3 /* Frameworks */ = {
			isa = PBXFrameworksBuildPhase;
			buildActionMask = 2147483647;
			files = (
				643C881D2C0F52210009A8E4 /* SwiftUI.framework in Frameworks */,
				643C88202C0F52220009A8E4 /* WidgetKit.framework in Frameworks */,
			);
			runOnlyForDeploymentPostprocessing = 0;
		};
		D81A68382BF3997700A0ADA4 /* Frameworks */ = {
			isa = PBXFrameworksBuildPhase;
			buildActionMask = 2147483647;
			files = (
			);
			runOnlyForDeploymentPostprocessing = 0;
		};
/* End PBXFrameworksBuildPhase section */

/* Begin PBXGroup section */
		1AAC510C2C08D78100FD70C3 /* Frameworks */ = {
			isa = PBXGroup;
			children = (
				1AAC510D2C08D78100FD70C3 /* WidgetKit.framework */,
				1AAC510F2C08D78100FD70C3 /* SwiftUI.framework */,
			);
			name = Frameworks;
			sourceTree = "<group>";
		};
		1AAC51112C08D78100FD70C3 /* HypnagoWidget */ = {
			isa = PBXGroup;
			children = (
				1AAC51122C08D78100FD70C3 /* HypnagoWidgetBundle.swift */,
				1AAC51142C08D78100FD70C3 /* HypnagoWidgetLiveActivity.swift */,
				1AAC51162C08D78100FD70C3 /* HypnagoWidget.swift */,
				1AAC51182C08D78100FD70C3 /* AppIntent.swift */,
				1AAC511A2C08D78200FD70C3 /* Assets.xcassets */,
				1AAC511C2C08D78200FD70C3 /* Info.plist */,
			);
			path = HypnagoWidget;
			sourceTree = "<group>";
		};
		D81A68322BF3997700A0ADA4 = {
			isa = PBXGroup;
			children = (
				D81A683D2BF3997700A0ADA4 /* FourFingerTouch */,
				1AAC51112C08D78100FD70C3 /* HypnagoWidget */,
				1AAC510C2C08D78100FD70C3 /* Frameworks */,
				D81A683C2BF3997700A0ADA4 /* Products */,
			);
			sourceTree = "<group>";
		};
		D81A683C2BF3997700A0ADA4 /* Products */ = {
			isa = PBXGroup;
			children = (
				D81A683B2BF3997700A0ADA4 /* Hypnago.app */,
				1AAC510B2C08D78100FD70C3 /* HypnagoWidgetExtension.appex */,
			);
			name = Products;
			sourceTree = "<group>";
		};
		D81A683D2BF3997700A0ADA4 /* FourFingerTouch */ = {
			isa = PBXGroup;
			children = (
				D81A683E2BF3997700A0ADA4 /* FourFingerTouchApp.swift */,
				D81A684C2BF399B300A0ADA4 /* MultiTouchView.swift */,
				D8F8E0682C08A79800FD8EBE /* Models */,
				D8F8E0672C08A76A00FD8EBE /* Views */,
				D8CA276D2C1090C8001BD492 /* GradientView.swift */,
				64D75C892BFF9BD100829A85 /* AudioManager.swift */,
				D8CA276B2C1090B6001BD492 /* OnboardingPagesView.swift */,
				D8CA27692C1090AE001BD492 /* OnboardingView.swift */,
				D81A68772C060BD100A0ADA4 /* Sherbert.swift */,
				D81A68422BF3997800A0ADA4 /* Assets.xcassets */,
				D81A68442BF3997800A0ADA4 /* Preview Content */,
			);
			path = FourFingerTouch;
			sourceTree = "<group>";
		};
		D81A68442BF3997800A0ADA4 /* Preview Content */ = {
			isa = PBXGroup;
			children = (
				D81A68452BF3997800A0ADA4 /* Preview Assets.xcassets */,
			);
			path = "Preview Content";
			sourceTree = "<group>";
		};
		D8F8E0672C08A76A00FD8EBE /* Views */ = {
			isa = PBXGroup;
			children = (
				1AAC51052C08D51700FD70C3 /* FingerButtonView.swift */,
				D8F8E0792C08B19500FD8EBE /* Hypango4FingerView.swift */,
				D8F8E0732C08B16F00FD8EBE /* ViewNavigator.swift */,
				D8F8E0772C08B18A00FD8EBE /* CreateEntryView.swift */,
				D8F8E0752C08B17A00FD8EBE /* JournalView.swift */,
				D8F8E0712C08B16100FD8EBE /* BeginHypnagoView.swift */,
				D8F8E0602C075B6400FD8EBE /* Hypnago2FingerView.swift */,
				D8F8E0622C075C8200FD8EBE /* Hypnago1FingerView.swift */,
			);
			path = Views;
			sourceTree = "<group>";
		};
		D8F8E0682C08A79800FD8EBE /* Models */ = {
			isa = PBXGroup;
			children = (
				D8F8E06B2C08B13500FD8EBE /* AppState.swift */,
				D8F8E0692C08B12300FD8EBE /* AppManager.swift */,
				D8F8E0642C07776B00FD8EBE /* Journal.swift */,
				D8F8E06D2C08B14200FD8EBE /* Entry.swift */,
				D8F8E06F2C08B14E00FD8EBE /* JournalModel.swift */,
			);
			path = Models;
			sourceTree = "<group>";
		};
/* End PBXGroup section */

/* Begin PBXNativeTarget section */
		1AAC510A2C08D78100FD70C3 /* HypnagoWidgetExtension */ = {
			isa = PBXNativeTarget;
			buildConfigurationList = 1AAC51202C08D78200FD70C3 /* Build configuration list for PBXNativeTarget "HypnagoWidgetExtension" */;
			buildPhases = (
				1AAC51072C08D78100FD70C3 /* Sources */,
				1AAC51082C08D78100FD70C3 /* Frameworks */,
				1AAC51092C08D78100FD70C3 /* Resources */,
				643C881F2C0F52210009A8E4 /* Embed Frameworks */,
			);
			buildRules = (
			);
			dependencies = (
			);
			name = HypnagoWidgetExtension;
			productName = HypnagoWidgetExtension;
			productReference = 1AAC510B2C08D78100FD70C3 /* HypnagoWidgetExtension.appex */;
			productType = "com.apple.product-type.app-extension";
		};
		D81A683A2BF3997700A0ADA4 /* Hypnago */ = {
			isa = PBXNativeTarget;
			buildConfigurationList = D81A68492BF3997800A0ADA4 /* Build configuration list for PBXNativeTarget "Hypnago" */;
			buildPhases = (
				D81A68372BF3997700A0ADA4 /* Sources */,
				D81A68382BF3997700A0ADA4 /* Frameworks */,
				D81A68392BF3997700A0ADA4 /* Resources */,
				1AAC51232C08D78200FD70C3 /* Embed Foundation Extensions */,
			);
			buildRules = (
			);
			dependencies = (
				1AAC511E2C08D78200FD70C3 /* PBXTargetDependency */,
			);
			name = Hypnago;
			productName = FourFingerTouch;
			productReference = D81A683B2BF3997700A0ADA4 /* Hypnago.app */;
			productType = "com.apple.product-type.application";
		};
/* End PBXNativeTarget section */

/* Begin PBXProject section */
		D81A68332BF3997700A0ADA4 /* Project object */ = {
			isa = PBXProject;
			attributes = {
				BuildIndependentTargetsInParallel = 1;
				LastSwiftUpdateCheck = 1540;
				LastUpgradeCheck = 1530;
				TargetAttributes = {
					1AAC510A2C08D78100FD70C3 = {
						CreatedOnToolsVersion = 15.4;
					};
					D81A683A2BF3997700A0ADA4 = {
						CreatedOnToolsVersion = 15.3;
					};
				};
			};
			buildConfigurationList = D81A68362BF3997700A0ADA4 /* Build configuration list for PBXProject "FourFingerTouch" */;
			compatibilityVersion = "Xcode 14.0";
			developmentRegion = en;
			hasScannedForEncodings = 0;
			knownRegions = (
				en,
				Base,
			);
			mainGroup = D81A68322BF3997700A0ADA4;
			productRefGroup = D81A683C2BF3997700A0ADA4 /* Products */;
			projectDirPath = "";
			projectRoot = "";
			targets = (
				D81A683A2BF3997700A0ADA4 /* Hypnago */,
				1AAC510A2C08D78100FD70C3 /* HypnagoWidgetExtension */,
			);
		};
/* End PBXProject section */

/* Begin PBXResourcesBuildPhase section */
		1AAC51092C08D78100FD70C3 /* Resources */ = {
			isa = PBXResourcesBuildPhase;
			buildActionMask = 2147483647;
			files = (
				1AAC511B2C08D78200FD70C3 /* Assets.xcassets in Resources */,
			);
			runOnlyForDeploymentPostprocessing = 0;
		};
		D81A68392BF3997700A0ADA4 /* Resources */ = {
			isa = PBXResourcesBuildPhase;
			buildActionMask = 2147483647;
			files = (
				D81A68462BF3997800A0ADA4 /* Preview Assets.xcassets in Resources */,
				D81A68432BF3997800A0ADA4 /* Assets.xcassets in Resources */,
			);
			runOnlyForDeploymentPostprocessing = 0;
		};
/* End PBXResourcesBuildPhase section */

/* Begin PBXSourcesBuildPhase section */
		1AAC51072C08D78100FD70C3 /* Sources */ = {
			isa = PBXSourcesBuildPhase;
			buildActionMask = 2147483647;
			files = (
				1AAC51132C08D78100FD70C3 /* HypnagoWidgetBundle.swift in Sources */,
				1AAC51192C08D78100FD70C3 /* AppIntent.swift in Sources */,
				1AAC51152C08D78100FD70C3 /* HypnagoWidgetLiveActivity.swift in Sources */,
				1AAC51172C08D78100FD70C3 /* HypnagoWidget.swift in Sources */,
			);
			runOnlyForDeploymentPostprocessing = 0;
		};
		D81A68372BF3997700A0ADA4 /* Sources */ = {
			isa = PBXSourcesBuildPhase;
			buildActionMask = 2147483647;
			files = (
				D8F8E0702C08B14E00FD8EBE /* JournalModel.swift in Sources */,
				D8F8E07A2C08B19500FD8EBE /* Hypango4FingerView.swift in Sources */,
				D8F8E06E2C08B14200FD8EBE /* Entry.swift in Sources */,
				D8F8E0652C07776B00FD8EBE /* Journal.swift in Sources */,
				D8F8E0632C075C8200FD8EBE /* Hypnago1FingerView.swift in Sources */,
				D81A684D2BF399B300A0ADA4 /* MultiTouchView.swift in Sources */,
				D8CA276C2C1090B7001BD492 /* OnboardingPagesView.swift in Sources */,
				D8F8E06C2C08B13500FD8EBE /* AppState.swift in Sources */,
				D8F8E0722C08B16200FD8EBE /* BeginHypnagoView.swift in Sources */,
				D8F8E0762C08B17B00FD8EBE /* JournalView.swift in Sources */,
				D81A683F2BF3997700A0ADA4 /* FourFingerTouchApp.swift in Sources */,
				D8CA276E2C1090C8001BD492 /* GradientView.swift in Sources */,
				D8F8E0612C075B6400FD8EBE /* Hypnago2FingerView.swift in Sources */,
				D8CA276A2C1090AE001BD492 /* OnboardingView.swift in Sources */,
				D8F8E06A2C08B12300FD8EBE /* AppManager.swift in Sources */,
				D8F8E0782C08B18B00FD8EBE /* CreateEntryView.swift in Sources */,
				D8F8E0742C08B16F00FD8EBE /* ViewNavigator.swift in Sources */,
				D81A68782C060BD100A0ADA4 /* Sherbert.swift in Sources */,
				64D75C8A2BFF9BD100829A85 /* AudioManager.swift in Sources */,
				1AAC51062C08D51700FD70C3 /* FingerButtonView.swift in Sources */,
			);
			runOnlyForDeploymentPostprocessing = 0;
		};
/* End PBXSourcesBuildPhase section */

/* Begin PBXTargetDependency section */
		1AAC511E2C08D78200FD70C3 /* PBXTargetDependency */ = {
			isa = PBXTargetDependency;
			target = 1AAC510A2C08D78100FD70C3 /* HypnagoWidgetExtension */;
			targetProxy = 1AAC511D2C08D78200FD70C3 /* PBXContainerItemProxy */;
		};
/* End PBXTargetDependency section */

/* Begin XCBuildConfiguration section */
		1AAC51212C08D78200FD70C3 /* Debug */ = {
			isa = XCBuildConfiguration;
			buildSettings = {
				ASSETCATALOG_COMPILER_GLOBAL_ACCENT_COLOR_NAME = AccentColor;
				ASSETCATALOG_COMPILER_WIDGET_BACKGROUND_COLOR_NAME = WidgetBackground;
				CODE_SIGN_STYLE = Automatic;
				CURRENT_PROJECT_VERSION = 3;
				DEVELOPMENT_TEAM = 6W2BB3Y823;
				GENERATE_INFOPLIST_FILE = YES;
				INFOPLIST_FILE = HypnagoWidget/Info.plist;
				INFOPLIST_KEY_CFBundleDisplayName = HypnagoWidget;
				INFOPLIST_KEY_NSHumanReadableCopyright = "";
				IPHONEOS_DEPLOYMENT_TARGET = 17.4;
				LD_RUNPATH_SEARCH_PATHS = (
					"$(inherited)",
					"@executable_path/Frameworks",
					"@executable_path/../../Frameworks",
				);
				MARKETING_VERSION = 1.0;
				PRODUCT_BUNDLE_IDENTIFIER = msu.FourFingerTouch.HypnagoWidget;
				PRODUCT_NAME = "$(TARGET_NAME)";
				SKIP_INSTALL = YES;
				SWIFT_EMIT_LOC_STRINGS = YES;
				SWIFT_VERSION = 5.0;
				TARGETED_DEVICE_FAMILY = "1,2";
			};
			name = Debug;
		};
		1AAC51222C08D78200FD70C3 /* Release */ = {
			isa = XCBuildConfiguration;
			buildSettings = {
				ASSETCATALOG_COMPILER_GLOBAL_ACCENT_COLOR_NAME = AccentColor;
				ASSETCATALOG_COMPILER_WIDGET_BACKGROUND_COLOR_NAME = WidgetBackground;
				CODE_SIGN_STYLE = Automatic;
				CURRENT_PROJECT_VERSION = 3;
				DEVELOPMENT_TEAM = 6W2BB3Y823;
				GENERATE_INFOPLIST_FILE = YES;
				INFOPLIST_FILE = HypnagoWidget/Info.plist;
				INFOPLIST_KEY_CFBundleDisplayName = HypnagoWidget;
				INFOPLIST_KEY_NSHumanReadableCopyright = "";
				IPHONEOS_DEPLOYMENT_TARGET = 17.4;
				LD_RUNPATH_SEARCH_PATHS = (
					"$(inherited)",
					"@executable_path/Frameworks",
					"@executable_path/../../Frameworks",
				);
				MARKETING_VERSION = 1.0;
				PRODUCT_BUNDLE_IDENTIFIER = msu.FourFingerTouch.HypnagoWidget;
				PRODUCT_NAME = "$(TARGET_NAME)";
				SKIP_INSTALL = YES;
				SWIFT_EMIT_LOC_STRINGS = YES;
				SWIFT_VERSION = 5.0;
				TARGETED_DEVICE_FAMILY = "1,2";
			};
			name = Release;
		};
		D81A68472BF3997800A0ADA4 /* Debug */ = {
			isa = XCBuildConfiguration;
			buildSettings = {
				ALWAYS_SEARCH_USER_PATHS = NO;
				ASSETCATALOG_COMPILER_GENERATE_SWIFT_ASSET_SYMBOL_EXTENSIONS = YES;
				CLANG_ANALYZER_NONNULL = YES;
				CLANG_ANALYZER_NUMBER_OBJECT_CONVERSION = YES_AGGRESSIVE;
				CLANG_CXX_LANGUAGE_STANDARD = "gnu++20";
				CLANG_ENABLE_MODULES = YES;
				CLANG_ENABLE_OBJC_ARC = YES;
				CLANG_ENABLE_OBJC_WEAK = YES;
				CLANG_WARN_BLOCK_CAPTURE_AUTORELEASING = YES;
				CLANG_WARN_BOOL_CONVERSION = YES;
				CLANG_WARN_COMMA = YES;
				CLANG_WARN_CONSTANT_CONVERSION = YES;
				CLANG_WARN_DEPRECATED_OBJC_IMPLEMENTATIONS = YES;
				CLANG_WARN_DIRECT_OBJC_ISA_USAGE = YES_ERROR;
				CLANG_WARN_DOCUMENTATION_COMMENTS = YES;
				CLANG_WARN_EMPTY_BODY = YES;
				CLANG_WARN_ENUM_CONVERSION = YES;
				CLANG_WARN_INFINITE_RECURSION = YES;
				CLANG_WARN_INT_CONVERSION = YES;
				CLANG_WARN_NON_LITERAL_NULL_CONVERSION = YES;
				CLANG_WARN_OBJC_IMPLICIT_RETAIN_SELF = YES;
				CLANG_WARN_OBJC_LITERAL_CONVERSION = YES;
				CLANG_WARN_OBJC_ROOT_CLASS = YES_ERROR;
				CLANG_WARN_QUOTED_INCLUDE_IN_FRAMEWORK_HEADER = YES;
				CLANG_WARN_RANGE_LOOP_ANALYSIS = YES;
				CLANG_WARN_STRICT_PROTOTYPES = YES;
				CLANG_WARN_SUSPICIOUS_MOVE = YES;
				CLANG_WARN_UNGUARDED_AVAILABILITY = YES_AGGRESSIVE;
				CLANG_WARN_UNREACHABLE_CODE = YES;
				CLANG_WARN__DUPLICATE_METHOD_MATCH = YES;
				COPY_PHASE_STRIP = NO;
				DEBUG_INFORMATION_FORMAT = dwarf;
				ENABLE_STRICT_OBJC_MSGSEND = YES;
				ENABLE_TESTABILITY = YES;
				ENABLE_USER_SCRIPT_SANDBOXING = YES;
				GCC_C_LANGUAGE_STANDARD = gnu17;
				GCC_DYNAMIC_NO_PIC = NO;
				GCC_NO_COMMON_BLOCKS = YES;
				GCC_OPTIMIZATION_LEVEL = 0;
				GCC_PREPROCESSOR_DEFINITIONS = (
					"DEBUG=1",
					"$(inherited)",
				);
				GCC_WARN_64_TO_32_BIT_CONVERSION = YES;
				GCC_WARN_ABOUT_RETURN_TYPE = YES_ERROR;
				GCC_WARN_UNDECLARED_SELECTOR = YES;
				GCC_WARN_UNINITIALIZED_AUTOS = YES_AGGRESSIVE;
				GCC_WARN_UNUSED_FUNCTION = YES;
				GCC_WARN_UNUSED_VARIABLE = YES;
				IPHONEOS_DEPLOYMENT_TARGET = 17.4;
				LOCALIZATION_PREFERS_STRING_CATALOGS = YES;
				MTL_ENABLE_DEBUG_INFO = INCLUDE_SOURCE;
				MTL_FAST_MATH = YES;
				ONLY_ACTIVE_ARCH = YES;
				SDKROOT = iphoneos;
				SWIFT_ACTIVE_COMPILATION_CONDITIONS = "DEBUG $(inherited)";
				SWIFT_OPTIMIZATION_LEVEL = "-Onone";
			};
			name = Debug;
		};
		D81A68482BF3997800A0ADA4 /* Release */ = {
			isa = XCBuildConfiguration;
			buildSettings = {
				ALWAYS_SEARCH_USER_PATHS = NO;
				ASSETCATALOG_COMPILER_GENERATE_SWIFT_ASSET_SYMBOL_EXTENSIONS = YES;
				CLANG_ANALYZER_NONNULL = YES;
				CLANG_ANALYZER_NUMBER_OBJECT_CONVERSION = YES_AGGRESSIVE;
				CLANG_CXX_LANGUAGE_STANDARD = "gnu++20";
				CLANG_ENABLE_MODULES = YES;
				CLANG_ENABLE_OBJC_ARC = YES;
				CLANG_ENABLE_OBJC_WEAK = YES;
				CLANG_WARN_BLOCK_CAPTURE_AUTORELEASING = YES;
				CLANG_WARN_BOOL_CONVERSION = YES;
				CLANG_WARN_COMMA = YES;
				CLANG_WARN_CONSTANT_CONVERSION = YES;
				CLANG_WARN_DEPRECATED_OBJC_IMPLEMENTATIONS = YES;
				CLANG_WARN_DIRECT_OBJC_ISA_USAGE = YES_ERROR;
				CLANG_WARN_DOCUMENTATION_COMMENTS = YES;
				CLANG_WARN_EMPTY_BODY = YES;
				CLANG_WARN_ENUM_CONVERSION = YES;
				CLANG_WARN_INFINITE_RECURSION = YES;
				CLANG_WARN_INT_CONVERSION = YES;
				CLANG_WARN_NON_LITERAL_NULL_CONVERSION = YES;
				CLANG_WARN_OBJC_IMPLICIT_RETAIN_SELF = YES;
				CLANG_WARN_OBJC_LITERAL_CONVERSION = YES;
				CLANG_WARN_OBJC_ROOT_CLASS = YES_ERROR;
				CLANG_WARN_QUOTED_INCLUDE_IN_FRAMEWORK_HEADER = YES;
				CLANG_WARN_RANGE_LOOP_ANALYSIS = YES;
				CLANG_WARN_STRICT_PROTOTYPES = YES;
				CLANG_WARN_SUSPICIOUS_MOVE = YES;
				CLANG_WARN_UNGUARDED_AVAILABILITY = YES_AGGRESSIVE;
				CLANG_WARN_UNREACHABLE_CODE = YES;
				CLANG_WARN__DUPLICATE_METHOD_MATCH = YES;
				COPY_PHASE_STRIP = NO;
				DEBUG_INFORMATION_FORMAT = "dwarf-with-dsym";
				ENABLE_NS_ASSERTIONS = NO;
				ENABLE_STRICT_OBJC_MSGSEND = YES;
				ENABLE_USER_SCRIPT_SANDBOXING = YES;
				GCC_C_LANGUAGE_STANDARD = gnu17;
				GCC_NO_COMMON_BLOCKS = YES;
				GCC_WARN_64_TO_32_BIT_CONVERSION = YES;
				GCC_WARN_ABOUT_RETURN_TYPE = YES_ERROR;
				GCC_WARN_UNDECLARED_SELECTOR = YES;
				GCC_WARN_UNINITIALIZED_AUTOS = YES_AGGRESSIVE;
				GCC_WARN_UNUSED_FUNCTION = YES;
				GCC_WARN_UNUSED_VARIABLE = YES;
				IPHONEOS_DEPLOYMENT_TARGET = 17.4;
				LOCALIZATION_PREFERS_STRING_CATALOGS = YES;
				MTL_ENABLE_DEBUG_INFO = NO;
				MTL_FAST_MATH = YES;
				SDKROOT = iphoneos;
				SWIFT_COMPILATION_MODE = wholemodule;
				VALIDATE_PRODUCT = YES;
			};
			name = Release;
		};
		D81A684A2BF3997800A0ADA4 /* Debug */ = {
			isa = XCBuildConfiguration;
			buildSettings = {
				ALWAYS_EMBED_SWIFT_STANDARD_LIBRARIES = YES;
				ASSETCATALOG_COMPILER_APPICON_NAME = AppIcon;
				ASSETCATALOG_COMPILER_GLOBAL_ACCENT_COLOR_NAME = AccentColor;
				CODE_SIGN_STYLE = Automatic;
				CURRENT_PROJECT_VERSION = 3;
				DEVELOPMENT_ASSET_PATHS = "\"FourFingerTouch/Preview Content\"";
				DEVELOPMENT_TEAM = CYB7XMX77J;
				ENABLE_PREVIEWS = YES;
				GENERATE_INFOPLIST_FILE = YES;
				INFOPLIST_KEY_CFBundleDisplayName = Hypnago;
				INFOPLIST_KEY_UIApplicationSceneManifest_Generation = YES;
				INFOPLIST_KEY_UIApplicationSupportsIndirectInputEvents = YES;
				INFOPLIST_KEY_UILaunchScreen_Generation = YES;
				INFOPLIST_KEY_UISupportedInterfaceOrientations = UIInterfaceOrientationPortrait;
				INFOPLIST_KEY_UISupportedInterfaceOrientations_iPad = "UIInterfaceOrientationLandscapeLeft UIInterfaceOrientationLandscapeRight UIInterfaceOrientationPortrait UIInterfaceOrientationPortraitUpsideDown";
				LD_RUNPATH_SEARCH_PATHS = (
					"$(inherited)",
					"@executable_path/Frameworks",
				);
				MARKETING_VERSION = 1.0;
				PRODUCT_BUNDLE_IDENTIFIER = msu.FourFingerTouch;
				PRODUCT_NAME = "$(TARGET_NAME)";
				SWIFT_EMIT_LOC_STRINGS = YES;
				SWIFT_VERSION = 5.0;
				TARGETED_DEVICE_FAMILY = "1,2";
			};
			name = Debug;
		};
		D81A684B2BF3997800A0ADA4 /* Release */ = {
			isa = XCBuildConfiguration;
			buildSettings = {
				ALWAYS_EMBED_SWIFT_STANDARD_LIBRARIES = YES;
				ASSETCATALOG_COMPILER_APPICON_NAME = AppIcon;
				ASSETCATALOG_COMPILER_GLOBAL_ACCENT_COLOR_NAME = AccentColor;
				CODE_SIGN_STYLE = Automatic;
				CURRENT_PROJECT_VERSION = 3;
				DEVELOPMENT_ASSET_PATHS = "\"FourFingerTouch/Preview Content\"";
				DEVELOPMENT_TEAM = CYB7XMX77J;
				ENABLE_PREVIEWS = YES;
				GENERATE_INFOPLIST_FILE = YES;
				INFOPLIST_KEY_CFBundleDisplayName = Hypnago;
				INFOPLIST_KEY_UIApplicationSceneManifest_Generation = YES;
				INFOPLIST_KEY_UIApplicationSupportsIndirectInputEvents = YES;
				INFOPLIST_KEY_UILaunchScreen_Generation = YES;
				INFOPLIST_KEY_UISupportedInterfaceOrientations = UIInterfaceOrientationPortrait;
				INFOPLIST_KEY_UISupportedInterfaceOrientations_iPad = "UIInterfaceOrientationLandscapeLeft UIInterfaceOrientationLandscapeRight UIInterfaceOrientationPortrait UIInterfaceOrientationPortraitUpsideDown";
				LD_RUNPATH_SEARCH_PATHS = (
					"$(inherited)",
					"@executable_path/Frameworks",
				);
				MARKETING_VERSION = 1.0;
				PRODUCT_BUNDLE_IDENTIFIER = msu.FourFingerTouch;
				PRODUCT_NAME = "$(TARGET_NAME)";
				SWIFT_EMIT_LOC_STRINGS = YES;
				SWIFT_VERSION = 5.0;
				TARGETED_DEVICE_FAMILY = "1,2";
			};
			name = Release;
		};
/* End XCBuildConfiguration section */

/* Begin XCConfigurationList section */
		1AAC51202C08D78200FD70C3 /* Build configuration list for PBXNativeTarget "HypnagoWidgetExtension" */ = {
			isa = XCConfigurationList;
			buildConfigurations = (
				1AAC51212C08D78200FD70C3 /* Debug */,
				1AAC51222C08D78200FD70C3 /* Release */,
			);
			defaultConfigurationIsVisible = 0;
			defaultConfigurationName = Release;
		};
		D81A68362BF3997700A0ADA4 /* Build configuration list for PBXProject "FourFingerTouch" */ = {
			isa = XCConfigurationList;
			buildConfigurations = (
				D81A68472BF3997800A0ADA4 /* Debug */,
				D81A68482BF3997800A0ADA4 /* Release */,
			);
			defaultConfigurationIsVisible = 0;
			defaultConfigurationName = Release;
		};
		D81A68492BF3997800A0ADA4 /* Build configuration list for PBXNativeTarget "Hypnago" */ = {
			isa = XCConfigurationList;
			buildConfigurations = (
				D81A684A2BF3997800A0ADA4 /* Debug */,
				D81A684B2BF3997800A0ADA4 /* Release */,
			);
			defaultConfigurationIsVisible = 0;
			defaultConfigurationName = Release;
		};
/* End XCConfigurationList section */
	};
	rootObject = D81A68332BF3997700A0ADA4 /* Project object */;
}
