// !$*UTF8*$!
{
	archiveVersion = 1;
	classes = {
	};
	objectVersion = 56;
	objects = {

/* Begin PBXBuildFile section */
		1AAC51062C08D51700FD70C3 /* FingerButtonView.swift in Sources */ = {isa = PBXBuildFile; fileRef = 1AAC51052C08D51700FD70C3 /* FingerButtonView.swift */; };
		64D75C8A2BFF9BD100829A85 /* AudioManager.swift in Sources */ = {isa = PBXBuildFile; fileRef = 64D75C892BFF9BD100829A85 /* AudioManager.swift */; };
		D81A683F2BF3997700A0ADA4 /* HypnagoApp.swift in Sources */ = {isa = PBXBuildFile; fileRef = D81A683E2BF3997700A0ADA4 /* HypnagoApp.swift */; };
		D81A68432BF3997800A0ADA4 /* Assets.xcassets in Resources */ = {isa = PBXBuildFile; fileRef = D81A68422BF3997800A0ADA4 /* Assets.xcassets */; };
		D81A68462BF3997800A0ADA4 /* Preview Assets.xcassets in Resources */ = {isa = PBXBuildFile; fileRef = D81A68452BF3997800A0ADA4 /* Preview Assets.xcassets */; };
		D81A684D2BF399B300A0ADA4 /* MultiTouchView.swift in Sources */ = {isa = PBXBuildFile; fileRef = D81A684C2BF399B300A0ADA4 /* MultiTouchView.swift */; };
		D8CA276A2C1090AE001BD492 /* OnboardingView.swift in Sources */ = {isa = PBXBuildFile; fileRef = D8CA27692C1090AE001BD492 /* OnboardingView.swift */; };
		D8CA276E2C1090C8001BD492 /* GradientView.swift in Sources */ = {isa = PBXBuildFile; fileRef = D8CA276D2C1090C8001BD492 /* GradientView.swift */; };
		D8F8E0612C075B6400FD8EBE /* Hypnago2FingerView.swift in Sources */ = {isa = PBXBuildFile; fileRef = D8F8E0602C075B6400FD8EBE /* Hypnago2FingerView.swift */; };
		D8F8E0632C075C8200FD8EBE /* Hypnago1FingerView.swift in Sources */ = {isa = PBXBuildFile; fileRef = D8F8E0622C075C8200FD8EBE /* Hypnago1FingerView.swift */; };
		D8F8E06A2C08B12300FD8EBE /* AppManager.swift in Sources */ = {isa = PBXBuildFile; fileRef = D8F8E0692C08B12300FD8EBE /* AppManager.swift */; };
		D8F8E06C2C08B13500FD8EBE /* AppState.swift in Sources */ = {isa = PBXBuildFile; fileRef = D8F8E06B2C08B13500FD8EBE /* AppState.swift */; };
		D8F8E06E2C08B14200FD8EBE /* Entry.swift in Sources */ = {isa = PBXBuildFile; fileRef = D8F8E06D2C08B14200FD8EBE /* Entry.swift */; };
		D8F8E0702C08B14E00FD8EBE /* JournalModel.swift in Sources */ = {isa = PBXBuildFile; fileRef = D8F8E06F2C08B14E00FD8EBE /* JournalModel.swift */; };
		D8F8E0722C08B16200FD8EBE /* NewEntryView.swift in Sources */ = {isa = PBXBuildFile; fileRef = D8F8E0712C08B16100FD8EBE /* NewEntryView.swift */; };
		D8F8E0742C08B16F00FD8EBE /* ViewNavigator.swift in Sources */ = {isa = PBXBuildFile; fileRef = D8F8E0732C08B16F00FD8EBE /* ViewNavigator.swift */; };
		D8F8E0762C08B17B00FD8EBE /* JournalView.swift in Sources */ = {isa = PBXBuildFile; fileRef = D8F8E0752C08B17A00FD8EBE /* JournalView.swift */; };
		D8F8E0782C08B18B00FD8EBE /* SubmitEntryView.swift in Sources */ = {isa = PBXBuildFile; fileRef = D8F8E0772C08B18A00FD8EBE /* SubmitEntryView.swift */; };
		D8F8E07A2C08B19500FD8EBE /* Hypango4FingerView.swift in Sources */ = {isa = PBXBuildFile; fileRef = D8F8E0792C08B19500FD8EBE /* Hypango4FingerView.swift */; };
		D8FD20472C187BDE0031488B /* OnboardingPageOne.swift in Sources */ = {isa = PBXBuildFile; fileRef = D8FD20462C187BDE0031488B /* OnboardingPageOne.swift */; };
		D8FD20492C187BF30031488B /* OnboardingPageTwo.swift in Sources */ = {isa = PBXBuildFile; fileRef = D8FD20482C187BF30031488B /* OnboardingPageTwo.swift */; };
		D8FD204B2C187BFE0031488B /* OnboardingPageThree.swift in Sources */ = {isa = PBXBuildFile; fileRef = D8FD204A2C187BFE0031488B /* OnboardingPageThree.swift */; };
		D8FD204F2C187C640031488B /* InstructionStepView.swift in Sources */ = {isa = PBXBuildFile; fileRef = D8FD204E2C187C640031488B /* InstructionStepView.swift */; };
		D8FD20512C1895C50031488B /* InstructionsView.swift in Sources */ = {isa = PBXBuildFile; fileRef = D8FD20502C1895C50031488B /* InstructionsView.swift */; };
		D8FD20552C19F51B0031488B /* Hypnago3FingerView.swift in Sources */ = {isa = PBXBuildFile; fileRef = D8FD20542C19F51A0031488B /* Hypnago3FingerView.swift */; };
		D8FD20572C19F6C10031488B /* ringLikeClock.mp3 in Resources */ = {isa = PBXBuildFile; fileRef = D8FD20562C19F6C10031488B /* ringLikeClock.mp3 */; };
		D8FD20592C1B24160031488B /* EntryDetailView.swift in Sources */ = {isa = PBXBuildFile; fileRef = D8FD20582C1B24160031488B /* EntryDetailView.swift */; };
/* End PBXBuildFile section */

/* Begin PBXCopyFilesBuildPhase section */
		1AAC51232C08D78200FD70C3 /* Embed Foundation Extensions */ = {
			isa = PBXCopyFilesBuildPhase;
			buildActionMask = 2147483647;
			dstPath = "";
			dstSubfolderSpec = 13;
			files = (
			);
			name = "Embed Foundation Extensions";
			runOnlyForDeploymentPostprocessing = 0;
		};
/* End PBXCopyFilesBuildPhase section */

/* Begin PBXFileReference section */
		1AAC51052C08D51700FD70C3 /* FingerButtonView.swift */ = {isa = PBXFileReference; lastKnownFileType = sourcecode.swift; path = FingerButtonView.swift; sourceTree = "<group>"; };
		1AAC510F2C08D78100FD70C3 /* SwiftUI.framework */ = {isa = PBXFileReference; lastKnownFileType = wrapper.framework; name = SwiftUI.framework; path = System/Library/Frameworks/SwiftUI.framework; sourceTree = SDKROOT; };
		64D75C892BFF9BD100829A85 /* AudioManager.swift */ = {isa = PBXFileReference; lastKnownFileType = sourcecode.swift; path = AudioManager.swift; sourceTree = "<group>"; };
		D81A683B2BF3997700A0ADA4 /* Hypnago.app */ = {isa = PBXFileReference; explicitFileType = wrapper.application; includeInIndex = 0; path = Hypnago.app; sourceTree = BUILT_PRODUCTS_DIR; };
		D81A683E2BF3997700A0ADA4 /* HypnagoApp.swift */ = {isa = PBXFileReference; lastKnownFileType = sourcecode.swift; path = HypnagoApp.swift; sourceTree = "<group>"; };
		D81A68422BF3997800A0ADA4 /* Assets.xcassets */ = {isa = PBXFileReference; lastKnownFileType = folder.assetcatalog; path = Assets.xcassets; sourceTree = "<group>"; };
		D81A68452BF3997800A0ADA4 /* Preview Assets.xcassets */ = {isa = PBXFileReference; lastKnownFileType = folder.assetcatalog; path = "Preview Assets.xcassets"; sourceTree = "<group>"; };
		D81A684C2BF399B300A0ADA4 /* MultiTouchView.swift */ = {isa = PBXFileReference; lastKnownFileType = sourcecode.swift; path = MultiTouchView.swift; sourceTree = "<group>"; };
		D8CA27692C1090AE001BD492 /* OnboardingView.swift */ = {isa = PBXFileReference; fileEncoding = 4; lastKnownFileType = sourcecode.swift; path = OnboardingView.swift; sourceTree = "<group>"; };
		D8CA276D2C1090C8001BD492 /* GradientView.swift */ = {isa = PBXFileReference; fileEncoding = 4; lastKnownFileType = sourcecode.swift; path = GradientView.swift; sourceTree = "<group>"; };
		D8F8E0602C075B6400FD8EBE /* Hypnago2FingerView.swift */ = {isa = PBXFileReference; lastKnownFileType = sourcecode.swift; path = Hypnago2FingerView.swift; sourceTree = "<group>"; };
		D8F8E0622C075C8200FD8EBE /* Hypnago1FingerView.swift */ = {isa = PBXFileReference; lastKnownFileType = sourcecode.swift; path = Hypnago1FingerView.swift; sourceTree = "<group>"; };
		D8F8E0692C08B12300FD8EBE /* AppManager.swift */ = {isa = PBXFileReference; fileEncoding = 4; lastKnownFileType = sourcecode.swift; path = AppManager.swift; sourceTree = "<group>"; };
		D8F8E06B2C08B13500FD8EBE /* AppState.swift */ = {isa = PBXFileReference; fileEncoding = 4; lastKnownFileType = sourcecode.swift; path = AppState.swift; sourceTree = "<group>"; };
		D8F8E06D2C08B14200FD8EBE /* Entry.swift */ = {isa = PBXFileReference; fileEncoding = 4; lastKnownFileType = sourcecode.swift; path = Entry.swift; sourceTree = "<group>"; };
		D8F8E06F2C08B14E00FD8EBE /* JournalModel.swift */ = {isa = PBXFileReference; fileEncoding = 4; lastKnownFileType = sourcecode.swift; path = JournalModel.swift; sourceTree = "<group>"; };
		D8F8E0712C08B16100FD8EBE /* NewEntryView.swift */ = {isa = PBXFileReference; fileEncoding = 4; lastKnownFileType = sourcecode.swift; path = NewEntryView.swift; sourceTree = "<group>"; };
		D8F8E0732C08B16F00FD8EBE /* ViewNavigator.swift */ = {isa = PBXFileReference; fileEncoding = 4; lastKnownFileType = sourcecode.swift; path = ViewNavigator.swift; sourceTree = "<group>"; };
		D8F8E0752C08B17A00FD8EBE /* JournalView.swift */ = {isa = PBXFileReference; fileEncoding = 4; lastKnownFileType = sourcecode.swift; path = JournalView.swift; sourceTree = "<group>"; };
		D8F8E0772C08B18A00FD8EBE /* SubmitEntryView.swift */ = {isa = PBXFileReference; fileEncoding = 4; lastKnownFileType = sourcecode.swift; path = SubmitEntryView.swift; sourceTree = "<group>"; };
		D8F8E0792C08B19500FD8EBE /* Hypango4FingerView.swift */ = {isa = PBXFileReference; fileEncoding = 4; lastKnownFileType = sourcecode.swift; path = Hypango4FingerView.swift; sourceTree = "<group>"; };
		D8FD20462C187BDE0031488B /* OnboardingPageOne.swift */ = {isa = PBXFileReference; lastKnownFileType = sourcecode.swift; path = OnboardingPageOne.swift; sourceTree = "<group>"; };
		D8FD20482C187BF30031488B /* OnboardingPageTwo.swift */ = {isa = PBXFileReference; lastKnownFileType = sourcecode.swift; path = OnboardingPageTwo.swift; sourceTree = "<group>"; };
		D8FD204A2C187BFE0031488B /* OnboardingPageThree.swift */ = {isa = PBXFileReference; lastKnownFileType = sourcecode.swift; path = OnboardingPageThree.swift; sourceTree = "<group>"; };
		D8FD204E2C187C640031488B /* InstructionStepView.swift */ = {isa = PBXFileReference; lastKnownFileType = sourcecode.swift; path = InstructionStepView.swift; sourceTree = "<group>"; };
		D8FD20502C1895C50031488B /* InstructionsView.swift */ = {isa = PBXFileReference; lastKnownFileType = sourcecode.swift; path = InstructionsView.swift; sourceTree = "<group>"; };
		D8FD20542C19F51A0031488B /* Hypnago3FingerView.swift */ = {isa = PBXFileReference; lastKnownFileType = sourcecode.swift; path = Hypnago3FingerView.swift; sourceTree = "<group>"; };
		D8FD20562C19F6C10031488B /* ringLikeClock.mp3 */ = {isa = PBXFileReference; lastKnownFileType = audio.mp3; path = ringLikeClock.mp3; sourceTree = "<group>"; };
		D8FD20582C1B24160031488B /* EntryDetailView.swift */ = {isa = PBXFileReference; lastKnownFileType = sourcecode.swift; path = EntryDetailView.swift; sourceTree = "<group>"; };
/* End PBXFileReference section */

/* Begin PBXFrameworksBuildPhase section */
		D81A68382BF3997700A0ADA4 /* Frameworks */ = {
			isa = PBXFrameworksBuildPhase;
			buildActionMask = 2147483647;
			files = (
			);
			runOnlyForDeploymentPostprocessing = 0;
		};
/* End PBXFrameworksBuildPhase section */

/* Begin PBXGroup section */
		1AAC510C2C08D78100FD70C3 /* Frameworks */ = {
			isa = PBXGroup;
			children = (
				1AAC510F2C08D78100FD70C3 /* SwiftUI.framework */,
			);
			name = Frameworks;
			sourceTree = "<group>";
		};
		D81A68322BF3997700A0ADA4 = {
			isa = PBXGroup;
			children = (
				D81A683D2BF3997700A0ADA4 /* Hypnago */,
				1AAC510C2C08D78100FD70C3 /* Frameworks */,
				D81A683C2BF3997700A0ADA4 /* Products */,
			);
			sourceTree = "<group>";
		};
		D81A683C2BF3997700A0ADA4 /* Products */ = {
			isa = PBXGroup;
			children = (
				D81A683B2BF3997700A0ADA4 /* Hypnago.app */,
			);
			name = Products;
			sourceTree = "<group>";
		};
		D81A683D2BF3997700A0ADA4 /* Hypnago */ = {
			isa = PBXGroup;
			children = (
				D81A683E2BF3997700A0ADA4 /* HypnagoApp.swift */,
				D81A684C2BF399B300A0ADA4 /* MultiTouchView.swift */,
				D8F8E0682C08A79800FD8EBE /* Models */,
				D8F8E0672C08A76A00FD8EBE /* Views */,
				64D75C892BFF9BD100829A85 /* AudioManager.swift */,
				D81A68422BF3997800A0ADA4 /* Assets.xcassets */,
				D8FD20562C19F6C10031488B /* ringLikeClock.mp3 */,
				D81A68442BF3997800A0ADA4 /* Preview Content */,
			);
			path = Hypnago;
			sourceTree = "<group>";
		};
		D81A68442BF3997800A0ADA4 /* Preview Content */ = {
			isa = PBXGroup;
			children = (
				D81A68452BF3997800A0ADA4 /* Preview Assets.xcassets */,
			);
			path = "Preview Content";
			sourceTree = "<group>";
		};
		D8F8E0672C08A76A00FD8EBE /* Views */ = {
			isa = PBXGroup;
			children = (
				D8F8E0732C08B16F00FD8EBE /* ViewNavigator.swift */,
				D8FD20532C1899570031488B /* TouchScreens */,
				D8FD20522C1897FE0031488B /* Onboarding */,
				1AAC51052C08D51700FD70C3 /* FingerButtonView.swift */,
				D8F8E0712C08B16100FD8EBE /* NewEntryView.swift */,
				D8F8E0772C08B18A00FD8EBE /* SubmitEntryView.swift */,
				D8FD20582C1B24160031488B /* EntryDetailView.swift */,
				D8F8E0752C08B17A00FD8EBE /* JournalView.swift */,
				D8FD204E2C187C640031488B /* InstructionStepView.swift */,
				D8CA276D2C1090C8001BD492 /* GradientView.swift */,
				D8FD20502C1895C50031488B /* InstructionsView.swift */,
			);
			path = Views;
			sourceTree = "<group>";
		};
		D8F8E0682C08A79800FD8EBE /* Models */ = {
			isa = PBXGroup;
			children = (
				D8F8E06B2C08B13500FD8EBE /* AppState.swift */,
				D8F8E0692C08B12300FD8EBE /* AppManager.swift */,
				D8F8E06D2C08B14200FD8EBE /* Entry.swift */,
				D8F8E06F2C08B14E00FD8EBE /* JournalModel.swift */,
			);
			path = Models;
			sourceTree = "<group>";
		};
		D8FD20522C1897FE0031488B /* Onboarding */ = {
			isa = PBXGroup;
			children = (
				D8CA27692C1090AE001BD492 /* OnboardingView.swift */,
				D8FD20462C187BDE0031488B /* OnboardingPageOne.swift */,
				D8FD20482C187BF30031488B /* OnboardingPageTwo.swift */,
				D8FD204A2C187BFE0031488B /* OnboardingPageThree.swift */,
			);
			path = Onboarding;
			sourceTree = "<group>";
		};
		D8FD20532C1899570031488B /* TouchScreens */ = {
			isa = PBXGroup;
			children = (
				D8F8E0792C08B19500FD8EBE /* Hypango4FingerView.swift */,
				D8F8E0602C075B6400FD8EBE /* Hypnago2FingerView.swift */,
				D8F8E0622C075C8200FD8EBE /* Hypnago1FingerView.swift */,
				D8FD20542C19F51A0031488B /* Hypnago3FingerView.swift */,
			);
			path = TouchScreens;
			sourceTree = "<group>";
		};
/* End PBXGroup section */

/* Begin PBXNativeTarget section */
		D81A683A2BF3997700A0ADA4 /* Hypnago */ = {
			isa = PBXNativeTarget;
			buildConfigurationList = D81A68492BF3997800A0ADA4 /* Build configuration list for PBXNativeTarget "Hypnago" */;
			buildPhases = (
				D81A68372BF3997700A0ADA4 /* Sources */,
				D81A68382BF3997700A0ADA4 /* Frameworks */,
				D81A68392BF3997700A0ADA4 /* Resources */,
				1AAC51232C08D78200FD70C3 /* Embed Foundation Extensions */,
			);
			buildRules = (
			);
			dependencies = (
			);
			name = Hypnago;
			productName = FourFingerTouch;
			productReference = D81A683B2BF3997700A0ADA4 /* Hypnago.app */;
			productType = "com.apple.product-type.application";
		};
/* End PBXNativeTarget section */

/* Begin PBXProject section */
		D81A68332BF3997700A0ADA4 /* Project object */ = {
			isa = PBXProject;
			attributes = {
				BuildIndependentTargetsInParallel = 1;
				LastSwiftUpdateCheck = 1540;
				LastUpgradeCheck = 1530;
				TargetAttributes = {
					D81A683A2BF3997700A0ADA4 = {
						CreatedOnToolsVersion = 15.3;
					};
				};
			};
			buildConfigurationList = D81A68362BF3997700A0ADA4 /* Build configuration list for PBXProject "Hypnago" */;
			compatibilityVersion = "Xcode 14.0";
			developmentRegion = en;
			hasScannedForEncodings = 0;
			knownRegions = (
				en,
				Base,
			);
			mainGroup = D81A68322BF3997700A0ADA4;
			productRefGroup = D81A683C2BF3997700A0ADA4 /* Products */;
			projectDirPath = "";
			projectRoot = "";
			targets = (
				D81A683A2BF3997700A0ADA4 /* Hypnago */,
			);
		};
/* End PBXProject section */

/* Begin PBXResourcesBuildPhase section */
		D81A68392BF3997700A0ADA4 /* Resources */ = {
			isa = PBXResourcesBuildPhase;
			buildActionMask = 2147483647;
			files = (
				D81A68462BF3997800A0ADA4 /* Preview Assets.xcassets in Resources */,
				D81A68432BF3997800A0ADA4 /* Assets.xcassets in Resources */,
				D8FD20572C19F6C10031488B /* ringLikeClock.mp3 in Resources */,
			);
			runOnlyForDeploymentPostprocessing = 0;
		};
/* End PBXResourcesBuildPhase section */

/* Begin PBXSourcesBuildPhase section */
		D81A68372BF3997700A0ADA4 /* Sources */ = {
			isa = PBXSourcesBuildPhase;
			buildActionMask = 2147483647;
			files = (
				D8FD20592C1B24160031488B /* EntryDetailView.swift in Sources */,
				D8F8E0702C08B14E00FD8EBE /* JournalModel.swift in Sources */,
				D8F8E07A2C08B19500FD8EBE /* Hypango4FingerView.swift in Sources */,
				D8F8E06E2C08B14200FD8EBE /* Entry.swift in Sources */,
				D8F8E0632C075C8200FD8EBE /* Hypnago1FingerView.swift in Sources */,
				D81A684D2BF399B300A0ADA4 /* MultiTouchView.swift in Sources */,
				D8FD204B2C187BFE0031488B /* OnboardingPageThree.swift in Sources */,
				D8FD20552C19F51B0031488B /* Hypnago3FingerView.swift in Sources */,
				D8F8E06C2C08B13500FD8EBE /* AppState.swift in Sources */,
				D8F8E0722C08B16200FD8EBE /* NewEntryView.swift in Sources */,
				D8FD20512C1895C50031488B /* InstructionsView.swift in Sources */,
				D8F8E0762C08B17B00FD8EBE /* JournalView.swift in Sources */,
				D81A683F2BF3997700A0ADA4 /* HypnagoApp.swift in Sources */,
				D8CA276E2C1090C8001BD492 /* GradientView.swift in Sources */,
				D8F8E0612C075B6400FD8EBE /* Hypnago2FingerView.swift in Sources */,
				D8CA276A2C1090AE001BD492 /* OnboardingView.swift in Sources */,
				D8F8E06A2C08B12300FD8EBE /* AppManager.swift in Sources */,
				D8FD20472C187BDE0031488B /* OnboardingPageOne.swift in Sources */,
				D8FD20492C187BF30031488B /* OnboardingPageTwo.swift in Sources */,
				D8F8E0782C08B18B00FD8EBE /* SubmitEntryView.swift in Sources */,
				D8F8E0742C08B16F00FD8EBE /* ViewNavigator.swift in Sources */,
				D8FD204F2C187C640031488B /* InstructionStepView.swift in Sources */,
				64D75C8A2BFF9BD100829A85 /* AudioManager.swift in Sources */,
				1AAC51062C08D51700FD70C3 /* FingerButtonView.swift in Sources */,
			);
			runOnlyForDeploymentPostprocessing = 0;
		};
/* End PBXSourcesBuildPhase section */

/* Begin XCBuildConfiguration section */
		D81A68472BF3997800A0ADA4 /* Debug */ = {
			isa = XCBuildConfiguration;
			buildSettings = {
				ALWAYS_SEARCH_USER_PATHS = NO;
				ASSETCATALOG_COMPILER_GENERATE_SWIFT_ASSET_SYMBOL_EXTENSIONS = YES;
				CLANG_ANALYZER_NONNULL = YES;
				CLANG_ANALYZER_NUMBER_OBJECT_CONVERSION = YES_AGGRESSIVE;
				CLANG_CXX_LANGUAGE_STANDARD = "gnu++20";
				CLANG_ENABLE_MODULES = YES;
				CLANG_ENABLE_OBJC_ARC = YES;
				CLANG_ENABLE_OBJC_WEAK = YES;
				CLANG_WARN_BLOCK_CAPTURE_AUTORELEASING = YES;
				CLANG_WARN_BOOL_CONVERSION = YES;
				CLANG_WARN_COMMA = YES;
				CLANG_WARN_CONSTANT_CONVERSION = YES;
				CLANG_WARN_DEPRECATED_OBJC_IMPLEMENTATIONS = YES;
				CLANG_WARN_DIRECT_OBJC_ISA_USAGE = YES_ERROR;
				CLANG_WARN_DOCUMENTATION_COMMENTS = YES;
				CLANG_WARN_EMPTY_BODY = YES;
				CLANG_WARN_ENUM_CONVERSION = YES;
				CLANG_WARN_INFINITE_RECURSION = YES;
				CLANG_WARN_INT_CONVERSION = YES;
				CLANG_WARN_NON_LITERAL_NULL_CONVERSION = YES;
				CLANG_WARN_OBJC_IMPLICIT_RETAIN_SELF = YES;
				CLANG_WARN_OBJC_LITERAL_CONVERSION = YES;
				CLANG_WARN_OBJC_ROOT_CLASS = YES_ERROR;
				CLANG_WARN_QUOTED_INCLUDE_IN_FRAMEWORK_HEADER = YES;
				CLANG_WARN_RANGE_LOOP_ANALYSIS = YES;
				CLANG_WARN_STRICT_PROTOTYPES = YES;
				CLANG_WARN_SUSPICIOUS_MOVE = YES;
				CLANG_WARN_UNGUARDED_AVAILABILITY = YES_AGGRESSIVE;
				CLANG_WARN_UNREACHABLE_CODE = YES;
				CLANG_WARN__DUPLICATE_METHOD_MATCH = YES;
				COPY_PHASE_STRIP = NO;
				DEBUG_INFORMATION_FORMAT = dwarf;
				ENABLE_STRICT_OBJC_MSGSEND = YES;
				ENABLE_TESTABILITY = YES;
				ENABLE_USER_SCRIPT_SANDBOXING = YES;
				GCC_C_LANGUAGE_STANDARD = gnu17;
				GCC_DYNAMIC_NO_PIC = NO;
				GCC_NO_COMMON_BLOCKS = YES;
				GCC_OPTIMIZATION_LEVEL = 0;
				GCC_PREPROCESSOR_DEFINITIONS = (
					"DEBUG=1",
					"$(inherited)",
				);
				GCC_WARN_64_TO_32_BIT_CONVERSION = YES;
				GCC_WARN_ABOUT_RETURN_TYPE = YES_ERROR;
				GCC_WARN_UNDECLARED_SELECTOR = YES;
				GCC_WARN_UNINITIALIZED_AUTOS = YES_AGGRESSIVE;
				GCC_WARN_UNUSED_FUNCTION = YES;
				GCC_WARN_UNUSED_VARIABLE = YES;
				IPHONEOS_DEPLOYMENT_TARGET = 17.4;
				LOCALIZATION_PREFERS_STRING_CATALOGS = YES;
				MTL_ENABLE_DEBUG_INFO = INCLUDE_SOURCE;
				MTL_FAST_MATH = YES;
				ONLY_ACTIVE_ARCH = YES;
				SDKROOT = iphoneos;
				SWIFT_ACTIVE_COMPILATION_CONDITIONS = "DEBUG $(inherited)";
				SWIFT_OPTIMIZATION_LEVEL = "-Onone";
			};
			name = Debug;
		};
		D81A68482BF3997800A0ADA4 /* Release */ = {
			isa = XCBuildConfiguration;
			buildSettings = {
				ALWAYS_SEARCH_USER_PATHS = NO;
				ASSETCATALOG_COMPILER_GENERATE_SWIFT_ASSET_SYMBOL_EXTENSIONS = YES;
				CLANG_ANALYZER_NONNULL = YES;
				CLANG_ANALYZER_NUMBER_OBJECT_CONVERSION = YES_AGGRESSIVE;
				CLANG_CXX_LANGUAGE_STANDARD = "gnu++20";
				CLANG_ENABLE_MODULES = YES;
				CLANG_ENABLE_OBJC_ARC = YES;
				CLANG_ENABLE_OBJC_WEAK = YES;
				CLANG_WARN_BLOCK_CAPTURE_AUTORELEASING = YES;
				CLANG_WARN_BOOL_CONVERSION = YES;
				CLANG_WARN_COMMA = YES;
				CLANG_WARN_CONSTANT_CONVERSION = YES;
				CLANG_WARN_DEPRECATED_OBJC_IMPLEMENTATIONS = YES;
				CLANG_WARN_DIRECT_OBJC_ISA_USAGE = YES_ERROR;
				CLANG_WARN_DOCUMENTATION_COMMENTS = YES;
				CLANG_WARN_EMPTY_BODY = YES;
				CLANG_WARN_ENUM_CONVERSION = YES;
				CLANG_WARN_INFINITE_RECURSION = YES;
				CLANG_WARN_INT_CONVERSION = YES;
				CLANG_WARN_NON_LITERAL_NULL_CONVERSION = YES;
				CLANG_WARN_OBJC_IMPLICIT_RETAIN_SELF = YES;
				CLANG_WARN_OBJC_LITERAL_CONVERSION = YES;
				CLANG_WARN_OBJC_ROOT_CLASS = YES_ERROR;
				CLANG_WARN_QUOTED_INCLUDE_IN_FRAMEWORK_HEADER = YES;
				CLANG_WARN_RANGE_LOOP_ANALYSIS = YES;
				CLANG_WARN_STRICT_PROTOTYPES = YES;
				CLANG_WARN_SUSPICIOUS_MOVE = YES;
				CLANG_WARN_UNGUARDED_AVAILABILITY = YES_AGGRESSIVE;
				CLANG_WARN_UNREACHABLE_CODE = YES;
				CLANG_WARN__DUPLICATE_METHOD_MATCH = YES;
				COPY_PHASE_STRIP = NO;
				DEBUG_INFORMATION_FORMAT = "dwarf-with-dsym";
				ENABLE_NS_ASSERTIONS = NO;
				ENABLE_STRICT_OBJC_MSGSEND = YES;
				ENABLE_USER_SCRIPT_SANDBOXING = YES;
				GCC_C_LANGUAGE_STANDARD = gnu17;
				GCC_NO_COMMON_BLOCKS = YES;
				GCC_WARN_64_TO_32_BIT_CONVERSION = YES;
				GCC_WARN_ABOUT_RETURN_TYPE = YES_ERROR;
				GCC_WARN_UNDECLARED_SELECTOR = YES;
				GCC_WARN_UNINITIALIZED_AUTOS = YES_AGGRESSIVE;
				GCC_WARN_UNUSED_FUNCTION = YES;
				GCC_WARN_UNUSED_VARIABLE = YES;
				IPHONEOS_DEPLOYMENT_TARGET = 17.4;
				LOCALIZATION_PREFERS_STRING_CATALOGS = YES;
				MTL_ENABLE_DEBUG_INFO = NO;
				MTL_FAST_MATH = YES;
				SDKROOT = iphoneos;
				SWIFT_COMPILATION_MODE = wholemodule;
				VALIDATE_PRODUCT = YES;
			};
			name = Release;
		};
		D81A684A2BF3997800A0ADA4 /* Debug */ = {
			isa = XCBuildConfiguration;
			buildSettings = {
				ASSETCATALOG_COMPILER_APPICON_NAME = AppIcon;
				ASSETCATALOG_COMPILER_GLOBAL_ACCENT_COLOR_NAME = AccentColor;
				CODE_SIGN_STYLE = Automatic;
				CURRENT_PROJECT_VERSION = 1;
				DEVELOPMENT_ASSET_PATHS = "\"Hypnago/Preview Content\"";
				DEVELOPMENT_TEAM = CYB7XMX77J;
				ENABLE_PREVIEWS = YES;
				GENERATE_INFOPLIST_FILE = YES;
				INFOPLIST_KEY_CFBundleDisplayName = Hypnago;
				INFOPLIST_KEY_UIApplicationSceneManifest_Generation = YES;
				INFOPLIST_KEY_UIApplicationSupportsIndirectInputEvents = YES;
				INFOPLIST_KEY_UILaunchScreen_Generation = YES;
				INFOPLIST_KEY_UISupportedInterfaceOrientations = UIInterfaceOrientationPortrait;
				INFOPLIST_KEY_UISupportedInterfaceOrientations_iPad = "UIInterfaceOrientationLandscapeLeft UIInterfaceOrientationLandscapeRight UIInterfaceOrientationPortrait UIInterfaceOrientationPortraitUpsideDown";
				LD_RUNPATH_SEARCH_PATHS = (
					"$(inherited)",
					"@executable_path/Frameworks",
				);
				MARKETING_VERSION = 1.3;
				PRODUCT_BUNDLE_IDENTIFIER = msu.FourFingerTouch;
				PRODUCT_NAME = "$(TARGET_NAME)";
				SWIFT_EMIT_LOC_STRINGS = YES;
				SWIFT_VERSION = 5.0;
				TARGETED_DEVICE_FAMILY = "1,2";
			};
			name = Debug;
		};
		D81A684B2BF3997800A0ADA4 /* Release */ = {
			isa = XCBuildConfiguration;
			buildSettings = {
				ASSETCATALOG_COMPILER_APPICON_NAME = AppIcon;
				ASSETCATALOG_COMPILER_GLOBAL_ACCENT_COLOR_NAME = AccentColor;
				CODE_SIGN_STYLE = Automatic;
				CURRENT_PROJECT_VERSION = 1;
				DEVELOPMENT_ASSET_PATHS = "\"Hypnago/Preview Content\"";
				DEVELOPMENT_TEAM = CYB7XMX77J;
				ENABLE_PREVIEWS = YES;
				GENERATE_INFOPLIST_FILE = YES;
				INFOPLIST_KEY_CFBundleDisplayName = Hypnago;
				INFOPLIST_KEY_UIApplicationSceneManifest_Generation = YES;
				INFOPLIST_KEY_UIApplicationSupportsIndirectInputEvents = YES;
				INFOPLIST_KEY_UILaunchScreen_Generation = YES;
				INFOPLIST_KEY_UISupportedInterfaceOrientations = UIInterfaceOrientationPortrait;
				INFOPLIST_KEY_UISupportedInterfaceOrientations_iPad = "UIInterfaceOrientationLandscapeLeft UIInterfaceOrientationLandscapeRight UIInterfaceOrientationPortrait UIInterfaceOrientationPortraitUpsideDown";
				LD_RUNPATH_SEARCH_PATHS = (
					"$(inherited)",
					"@executable_path/Frameworks",
				);
				MARKETING_VERSION = 1.3;
				PRODUCT_BUNDLE_IDENTIFIER = msu.FourFingerTouch;
				PRODUCT_NAME = "$(TARGET_NAME)";
				SWIFT_EMIT_LOC_STRINGS = YES;
				SWIFT_VERSION = 5.0;
				TARGETED_DEVICE_FAMILY = "1,2";
			};
			name = Release;
		};
/* End XCBuildConfiguration section */

/* Begin XCConfigurationList section */
		D81A68362BF3997700A0ADA4 /* Build configuration list for PBXProject "Hypnago" */ = {
			isa = XCConfigurationList;
			buildConfigurations = (
				D81A68472BF3997800A0ADA4 /* Debug */,
				D81A68482BF3997800A0ADA4 /* Release */,
			);
			defaultConfigurationIsVisible = 0;
			defaultConfigurationName = Release;
		};
		D81A68492BF3997800A0ADA4 /* Build configuration list for PBXNativeTarget "Hypnago" */ = {
			isa = XCConfigurationList;
			buildConfigurations = (
				D81A684A2BF3997800A0ADA4 /* Debug */,
				D81A684B2BF3997800A0ADA4 /* Release */,
			);
			defaultConfigurationIsVisible = 0;
			defaultConfigurationName = Release;
		};
/* End XCConfigurationList section */
	};
	rootObject = D81A68332BF3997700A0ADA4 /* Project object */;
}
