// !$*UTF8*$!
{
	archiveVersion = 1;
	classes = {
	};
	objectVersion = 56;
	objects = {

/* Begin PBXBuildFile section */
		D81A683F2BF3997700A0ADA4 /* FourFingerTouchApp.swift in Sources */ = {isa = PBXBuildFile; fileRef = D81A683E2BF3997700A0ADA4 /* FourFingerTouchApp.swift */; };
		D81A68412BF3997700A0ADA4 /* ContentView.swift in Sources */ = {isa = PBXBuildFile; fileRef = D81A68402BF3997700A0ADA4 /* ContentView.swift */; };
		D81A68432BF3997800A0ADA4 /* Assets.xcassets in Resources */ = {isa = PBXBuildFile; fileRef = D81A68422BF3997800A0ADA4 /* Assets.xcassets */; };
		D81A68462BF3997800A0ADA4 /* Preview Assets.xcassets in Resources */ = {isa = PBXBuildFile; fileRef = D81A68452BF3997800A0ADA4 /* Preview Assets.xcassets */; };
		D81A684D2BF399B300A0ADA4 /* MultiTouchView.swift in Sources */ = {isa = PBXBuildFile; fileRef = D81A684C2BF399B300A0ADA4 /* MultiTouchView.swift */; };
		D81A684F2BF3A50C00A0ADA4 /* Shape.swift in Sources */ = {isa = PBXBuildFile; fileRef = D81A684E2BF3A50C00A0ADA4 /* Shape.swift */; };
		D81A685D2BFCFB6C00A0ADA4 /* Journal.swift in Sources */ = {isa = PBXBuildFile; fileRef = D81A685C2BFCFB6C00A0ADA4 /* Journal.swift */; };
		D81A685F2BFCFB8300A0ADA4 /* JournalModel.swift in Sources */ = {isa = PBXBuildFile; fileRef = D81A685E2BFCFB8300A0ADA4 /* JournalModel.swift */; };
		D81A68612BFCFB9700A0ADA4 /* JournalView.swift in Sources */ = {isa = PBXBuildFile; fileRef = D81A68602BFCFB9700A0ADA4 /* JournalView.swift */; };
/* End PBXBuildFile section */

/* Begin PBXFileReference section */
		D81A683B2BF3997700A0ADA4 /* FourFingerTouch.app */ = {isa = PBXFileReference; explicitFileType = wrapper.application; includeInIndex = 0; path = FourFingerTouch.app; sourceTree = BUILT_PRODUCTS_DIR; };
		D81A683E2BF3997700A0ADA4 /* FourFingerTouchApp.swift */ = {isa = PBXFileReference; lastKnownFileType = sourcecode.swift; path = FourFingerTouchApp.swift; sourceTree = "<group>"; };
		D81A68402BF3997700A0ADA4 /* ContentView.swift */ = {isa = PBXFileReference; lastKnownFileType = sourcecode.swift; path = ContentView.swift; sourceTree = "<group>"; };
		D81A68422BF3997800A0ADA4 /* Assets.xcassets */ = {isa = PBXFileReference; lastKnownFileType = folder.assetcatalog; path = Assets.xcassets; sourceTree = "<group>"; };
		D81A68452BF3997800A0ADA4 /* Preview Assets.xcassets */ = {isa = PBXFileReference; lastKnownFileType = folder.assetcatalog; path = "Preview Assets.xcassets"; sourceTree = "<group>"; };
		D81A684C2BF399B300A0ADA4 /* MultiTouchView.swift */ = {isa = PBXFileReference; lastKnownFileType = sourcecode.swift; path = MultiTouchView.swift; sourceTree = "<group>"; };
		D81A684E2BF3A50C00A0ADA4 /* Shape.swift */ = {isa = PBXFileReference; lastKnownFileType = sourcecode.swift; path = Shape.swift; sourceTree = "<group>"; };
		D81A685C2BFCFB6C00A0ADA4 /* Journal.swift */ = {isa = PBXFileReference; lastKnownFileType = sourcecode.swift; path = Journal.swift; sourceTree = "<group>"; };
		D81A685E2BFCFB8300A0ADA4 /* JournalModel.swift */ = {isa = PBXFileReference; lastKnownFileType = sourcecode.swift; path = JournalModel.swift; sourceTree = "<group>"; };
		D81A68602BFCFB9700A0ADA4 /* JournalView.swift */ = {isa = PBXFileReference; lastKnownFileType = sourcecode.swift; path = JournalView.swift; sourceTree = "<group>"; };
/* End PBXFileReference section */

/* Begin PBXFrameworksBuildPhase section */
		D81A68382BF3997700A0ADA4 /* Frameworks */ = {
			isa = PBXFrameworksBuildPhase;
			buildActionMask = 2147483647;
			files = (
			);
			runOnlyForDeploymentPostprocessing = 0;
		};
/* End PBXFrameworksBuildPhase section */

/* Begin PBXGroup section */
		D81A68322BF3997700A0ADA4 = {
			isa = PBXGroup;
			children = (
				D81A683D2BF3997700A0ADA4 /* FourFingerTouch */,
				D81A683C2BF3997700A0ADA4 /* Products */,
			);
			sourceTree = "<group>";
		};
		D81A683C2BF3997700A0ADA4 /* Products */ = {
			isa = PBXGroup;
			children = (
				D81A683B2BF3997700A0ADA4 /* FourFingerTouch.app */,
			);
			name = Products;
			sourceTree = "<group>";
		};
		D81A683D2BF3997700A0ADA4 /* FourFingerTouch */ = {
			isa = PBXGroup;
			children = (
				D81A683E2BF3997700A0ADA4 /* FourFingerTouchApp.swift */,
				D81A684C2BF399B300A0ADA4 /* MultiTouchView.swift */,
				D81A68402BF3997700A0ADA4 /* ContentView.swift */,
				D81A685C2BFCFB6C00A0ADA4 /* Journal.swift */,
				D81A685E2BFCFB8300A0ADA4 /* JournalModel.swift */,
				D81A68602BFCFB9700A0ADA4 /* JournalView.swift */,
				D81A684E2BF3A50C00A0ADA4 /* Shape.swift */,
				D81A68422BF3997800A0ADA4 /* Assets.xcassets */,
				D81A68442BF3997800A0ADA4 /* Preview Content */,
			);
			path = FourFingerTouch;
			sourceTree = "<group>";
		};
		D81A68442BF3997800A0ADA4 /* Preview Content */ = {
			isa = PBXGroup;
			children = (
				D81A68452BF3997800A0ADA4 /* Preview Assets.xcassets */,
			);
			path = "Preview Content";
			sourceTree = "<group>";
		};
/* End PBXGroup section */

/* Begin PBXNativeTarget section */
		D81A683A2BF3997700A0ADA4 /* FourFingerTouch */ = {
			isa = PBXNativeTarget;
			buildConfigurationList = D81A68492BF3997800A0ADA4 /* Build configuration list for PBXNativeTarget "FourFingerTouch" */;
			buildPhases = (
				D81A68372BF3997700A0ADA4 /* Sources */,
				D81A68382BF3997700A0ADA4 /* Frameworks */,
				D81A68392BF3997700A0ADA4 /* Resources */,
			);
			buildRules = (
			);
			dependencies = (
			);
			name = FourFingerTouch;
			productName = FourFingerTouch;
			productReference = D81A683B2BF3997700A0ADA4 /* FourFingerTouch.app */;
			productType = "com.apple.product-type.application";
		};
/* End PBXNativeTarget section */

/* Begin PBXProject section */
		D81A68332BF3997700A0ADA4 /* Project object */ = {
			isa = PBXProject;
			attributes = {
				BuildIndependentTargetsInParallel = 1;
				LastSwiftUpdateCheck = 1530;
				LastUpgradeCheck = 1530;
				TargetAttributes = {
					D81A683A2BF3997700A0ADA4 = {
						CreatedOnToolsVersion = 15.3;
					};
				};
			};
			buildConfigurationList = D81A68362BF3997700A0ADA4 /* Build configuration list for PBXProject "FourFingerTouch" */;
			compatibilityVersion = "Xcode 14.0";
			developmentRegion = en;
			hasScannedForEncodings = 0;
			knownRegions = (
				en,
				Base,
			);
			mainGroup = D81A68322BF3997700A0ADA4;
			productRefGroup = D81A683C2BF3997700A0ADA4 /* Products */;
			projectDirPath = "";
			projectRoot = "";
			targets = (
				D81A683A2BF3997700A0ADA4 /* FourFingerTouch */,
			);
		};
/* End PBXProject section */

/* Begin PBXResourcesBuildPhase section */
		D81A68392BF3997700A0ADA4 /* Resources */ = {
			isa = PBXResourcesBuildPhase;
			buildActionMask = 2147483647;
			files = (
				D81A68462BF3997800A0ADA4 /* Preview Assets.xcassets in Resources */,
				D81A68432BF3997800A0ADA4 /* Assets.xcassets in Resources */,
			);
			runOnlyForDeploymentPostprocessing = 0;
		};
/* End PBXResourcesBuildPhase section */

/* Begin PBXSourcesBuildPhase section */
		D81A68372BF3997700A0ADA4 /* Sources */ = {
			isa = PBXSourcesBuildPhase;
			buildActionMask = 2147483647;
			files = (
				D81A68412BF3997700A0ADA4 /* ContentView.swift in Sources */,
				D81A685D2BFCFB6C00A0ADA4 /* Journal.swift in Sources */,
				D81A684D2BF399B300A0ADA4 /* MultiTouchView.swift in Sources */,
				D81A685F2BFCFB8300A0ADA4 /* JournalModel.swift in Sources */,
				D81A68612BFCFB9700A0ADA4 /* JournalView.swift in Sources */,
				D81A683F2BF3997700A0ADA4 /* FourFingerTouchApp.swift in Sources */,
				D81A684F2BF3A50C00A0ADA4 /* Shape.swift in Sources */,
			);
			runOnlyForDeploymentPostprocessing = 0;
		};
/* End PBXSourcesBuildPhase section */

/* Begin XCBuildConfiguration section */
		D81A68472BF3997800A0ADA4 /* Debug */ = {
			isa = XCBuildConfiguration;
			buildSettings = {
				ALWAYS_SEARCH_USER_PATHS = NO;
				ASSETCATALOG_COMPILER_GENERATE_SWIFT_ASSET_SYMBOL_EXTENSIONS = YES;
				CLANG_ANALYZER_NONNULL = YES;
				CLANG_ANALYZER_NUMBER_OBJECT_CONVERSION = YES_AGGRESSIVE;
				CLANG_CXX_LANGUAGE_STANDARD = "gnu++20";
				CLANG_ENABLE_MODULES = YES;
				CLANG_ENABLE_OBJC_ARC = YES;
				CLANG_ENABLE_OBJC_WEAK = YES;
				CLANG_WARN_BLOCK_CAPTURE_AUTORELEASING = YES;
				CLANG_WARN_BOOL_CONVERSION = YES;
				CLANG_WARN_COMMA = YES;
				CLANG_WARN_CONSTANT_CONVERSION = YES;
				CLANG_WARN_DEPRECATED_OBJC_IMPLEMENTATIONS = YES;
				CLANG_WARN_DIRECT_OBJC_ISA_USAGE = YES_ERROR;
				CLANG_WARN_DOCUMENTATION_COMMENTS = YES;
				CLANG_WARN_EMPTY_BODY = YES;
				CLANG_WARN_ENUM_CONVERSION = YES;
				CLANG_WARN_INFINITE_RECURSION = YES;
				CLANG_WARN_INT_CONVERSION = YES;
				CLANG_WARN_NON_LITERAL_NULL_CONVERSION = YES;
				CLANG_WARN_OBJC_IMPLICIT_RETAIN_SELF = YES;
				CLANG_WARN_OBJC_LITERAL_CONVERSION = YES;
				CLANG_WARN_OBJC_ROOT_CLASS = YES_ERROR;
				CLANG_WARN_QUOTED_INCLUDE_IN_FRAMEWORK_HEADER = YES;
				CLANG_WARN_RANGE_LOOP_ANALYSIS = YES;
				CLANG_WARN_STRICT_PROTOTYPES = YES;
				CLANG_WARN_SUSPICIOUS_MOVE = YES;
				CLANG_WARN_UNGUARDED_AVAILABILITY = YES_AGGRESSIVE;
				CLANG_WARN_UNREACHABLE_CODE = YES;
				CLANG_WARN__DUPLICATE_METHOD_MATCH = YES;
				COPY_PHASE_STRIP = NO;
				DEBUG_INFORMATION_FORMAT = dwarf;
				ENABLE_STRICT_OBJC_MSGSEND = YES;
				ENABLE_TESTABILITY = YES;
				ENABLE_USER_SCRIPT_SANDBOXING = YES;
				GCC_C_LANGUAGE_STANDARD = gnu17;
				GCC_DYNAMIC_NO_PIC = NO;
				GCC_NO_COMMON_BLOCKS = YES;
				GCC_OPTIMIZATION_LEVEL = 0;
				GCC_PREPROCESSOR_DEFINITIONS = (
					"DEBUG=1",
					"$(inherited)",
				);
				GCC_WARN_64_TO_32_BIT_CONVERSION = YES;
				GCC_WARN_ABOUT_RETURN_TYPE = YES_ERROR;
				GCC_WARN_UNDECLARED_SELECTOR = YES;
				GCC_WARN_UNINITIALIZED_AUTOS = YES_AGGRESSIVE;
				GCC_WARN_UNUSED_FUNCTION = YES;
				GCC_WARN_UNUSED_VARIABLE = YES;
				IPHONEOS_DEPLOYMENT_TARGET = 17.4;
				LOCALIZATION_PREFERS_STRING_CATALOGS = YES;
				MTL_ENABLE_DEBUG_INFO = INCLUDE_SOURCE;
				MTL_FAST_MATH = YES;
				ONLY_ACTIVE_ARCH = YES;
				SDKROOT = iphoneos;
				SWIFT_ACTIVE_COMPILATION_CONDITIONS = "DEBUG $(inherited)";
				SWIFT_OPTIMIZATION_LEVEL = "-Onone";
			};
			name = Debug;
		};
		D81A68482BF3997800A0ADA4 /* Release */ = {
			isa = XCBuildConfiguration;
			buildSettings = {
				ALWAYS_SEARCH_USER_PATHS = NO;
				ASSETCATALOG_COMPILER_GENERATE_SWIFT_ASSET_SYMBOL_EXTENSIONS = YES;
				CLANG_ANALYZER_NONNULL = YES;
				CLANG_ANALYZER_NUMBER_OBJECT_CONVERSION = YES_AGGRESSIVE;
				CLANG_CXX_LANGUAGE_STANDARD = "gnu++20";
				CLANG_ENABLE_MODULES = YES;
				CLANG_ENABLE_OBJC_ARC = YES;
				CLANG_ENABLE_OBJC_WEAK = YES;
				CLANG_WARN_BLOCK_CAPTURE_AUTORELEASING = YES;
				CLANG_WARN_BOOL_CONVERSION = YES;
				CLANG_WARN_COMMA = YES;
				CLANG_WARN_CONSTANT_CONVERSION = YES;
				CLANG_WARN_DEPRECATED_OBJC_IMPLEMENTATIONS = YES;
				CLANG_WARN_DIRECT_OBJC_ISA_USAGE = YES_ERROR;
				CLANG_WARN_DOCUMENTATION_COMMENTS = YES;
				CLANG_WARN_EMPTY_BODY = YES;
				CLANG_WARN_ENUM_CONVERSION = YES;
				CLANG_WARN_INFINITE_RECURSION = YES;
				CLANG_WARN_INT_CONVERSION = YES;
				CLANG_WARN_NON_LITERAL_NULL_CONVERSION = YES;
				CLANG_WARN_OBJC_IMPLICIT_RETAIN_SELF = YES;
				CLANG_WARN_OBJC_LITERAL_CONVERSION = YES;
				CLANG_WARN_OBJC_ROOT_CLASS = YES_ERROR;
				CLANG_WARN_QUOTED_INCLUDE_IN_FRAMEWORK_HEADER = YES;
				CLANG_WARN_RANGE_LOOP_ANALYSIS = YES;
				CLANG_WARN_STRICT_PROTOTYPES = YES;
				CLANG_WARN_SUSPICIOUS_MOVE = YES;
				CLANG_WARN_UNGUARDED_AVAILABILITY = YES_AGGRESSIVE;
				CLANG_WARN_UNREACHABLE_CODE = YES;
				CLANG_WARN__DUPLICATE_METHOD_MATCH = YES;
				COPY_PHASE_STRIP = NO;
				DEBUG_INFORMATION_FORMAT = "dwarf-with-dsym";
				ENABLE_NS_ASSERTIONS = NO;
				ENABLE_STRICT_OBJC_MSGSEND = YES;
				ENABLE_USER_SCRIPT_SANDBOXING = YES;
				GCC_C_LANGUAGE_STANDARD = gnu17;
				GCC_NO_COMMON_BLOCKS = YES;
				GCC_WARN_64_TO_32_BIT_CONVERSION = YES;
				GCC_WARN_ABOUT_RETURN_TYPE = YES_ERROR;
				GCC_WARN_UNDECLARED_SELECTOR = YES;
				GCC_WARN_UNINITIALIZED_AUTOS = YES_AGGRESSIVE;
				GCC_WARN_UNUSED_FUNCTION = YES;
				GCC_WARN_UNUSED_VARIABLE = YES;
				IPHONEOS_DEPLOYMENT_TARGET = 17.4;
				LOCALIZATION_PREFERS_STRING_CATALOGS = YES;
				MTL_ENABLE_DEBUG_INFO = NO;
				MTL_FAST_MATH = YES;
				SDKROOT = iphoneos;
				SWIFT_COMPILATION_MODE = wholemodule;
				VALIDATE_PRODUCT = YES;
			};
			name = Release;
		};
		D81A684A2BF3997800A0ADA4 /* Debug */ = {
			isa = XCBuildConfiguration;
			buildSettings = {
				ASSETCATALOG_COMPILER_APPICON_NAME = AppIcon;
				ASSETCATALOG_COMPILER_GLOBAL_ACCENT_COLOR_NAME = AccentColor;
				CODE_SIGN_STYLE = Automatic;
				CURRENT_PROJECT_VERSION = 1;
				DEVELOPMENT_ASSET_PATHS = "\"FourFingerTouch/Preview Content\"";
				DEVELOPMENT_TEAM = CYB7XMX77J;
				ENABLE_PREVIEWS = YES;
				GENERATE_INFOPLIST_FILE = YES;
				INFOPLIST_KEY_UIApplicationSceneManifest_Generation = YES;
				INFOPLIST_KEY_UIApplicationSupportsIndirectInputEvents = YES;
				INFOPLIST_KEY_UILaunchScreen_Generation = YES;
				INFOPLIST_KEY_UISupportedInterfaceOrientations_iPad = "UIInterfaceOrientationPortrait UIInterfaceOrientationPortraitUpsideDown UIInterfaceOrientationLandscapeLeft UIInterfaceOrientationLandscapeRight";
				INFOPLIST_KEY_UISupportedInterfaceOrientations_iPhone = "UIInterfaceOrientationPortrait UIInterfaceOrientationLandscapeLeft UIInterfaceOrientationLandscapeRight";
				LD_RUNPATH_SEARCH_PATHS = (
					"$(inherited)",
					"@executable_path/Frameworks",
				);
				MARKETING_VERSION = 1.0;
				PRODUCT_BUNDLE_IDENTIFIER = msu.FourFingerTouch;
				PRODUCT_NAME = "$(TARGET_NAME)";
				SWIFT_EMIT_LOC_STRINGS = YES;
				SWIFT_VERSION = 5.0;
				TARGETED_DEVICE_FAMILY = "1,2";
			};
			name = Debug;
		};
		D81A684B2BF3997800A0ADA4 /* Release */ = {
			isa = XCBuildConfiguration;
			buildSettings = {
				ASSETCATALOG_COMPILER_APPICON_NAME = AppIcon;
				ASSETCATALOG_COMPILER_GLOBAL_ACCENT_COLOR_NAME = AccentColor;
				CODE_SIGN_STYLE = Automatic;
				CURRENT_PROJECT_VERSION = 1;
				DEVELOPMENT_ASSET_PATHS = "\"FourFingerTouch/Preview Content\"";
				DEVELOPMENT_TEAM = CYB7XMX77J;
				ENABLE_PREVIEWS = YES;
				GENERATE_INFOPLIST_FILE = YES;
				INFOPLIST_KEY_UIApplicationSceneManifest_Generation = YES;
				INFOPLIST_KEY_UIApplicationSupportsIndirectInputEvents = YES;
				INFOPLIST_KEY_UILaunchScreen_Generation = YES;
				INFOPLIST_KEY_UISupportedInterfaceOrientations_iPad = "UIInterfaceOrientationPortrait UIInterfaceOrientationPortraitUpsideDown UIInterfaceOrientationLandscapeLeft UIInterfaceOrientationLandscapeRight";
				INFOPLIST_KEY_UISupportedInterfaceOrientations_iPhone = "UIInterfaceOrientationPortrait UIInterfaceOrientationLandscapeLeft UIInterfaceOrientationLandscapeRight";
				LD_RUNPATH_SEARCH_PATHS = (
					"$(inherited)",
					"@executable_path/Frameworks",
				);
				MARKETING_VERSION = 1.0;
				PRODUCT_BUNDLE_IDENTIFIER = msu.FourFingerTouch;
				PRODUCT_NAME = "$(TARGET_NAME)";
				SWIFT_EMIT_LOC_STRINGS = YES;
				SWIFT_VERSION = 5.0;
				TARGETED_DEVICE_FAMILY = "1,2";
			};
			name = Release;
		};
/* End XCBuildConfiguration section */

/* Begin XCConfigurationList section */
		D81A68362BF3997700A0ADA4 /* Build configuration list for PBXProject "FourFingerTouch" */ = {
			isa = XCConfigurationList;
			buildConfigurations = (
				D81A68472BF3997800A0ADA4 /* Debug */,
				D81A68482BF3997800A0ADA4 /* Release */,
			);
			defaultConfigurationIsVisible = 0;
			defaultConfigurationName = Release;
		};
		D81A68492BF3997800A0ADA4 /* Build configuration list for PBXNativeTarget "FourFingerTouch" */ = {
			isa = XCConfigurationList;
			buildConfigurations = (
				D81A684A2BF3997800A0ADA4 /* Debug */,
				D81A684B2BF3997800A0ADA4 /* Release */,
			);
			defaultConfigurationIsVisible = 0;
			defaultConfigurationName = Release;
		};
/* End XCConfigurationList section */
	};
	rootObject = D81A68332BF3997700A0ADA4 /* Project object */;
}
